<?xml version="1.0" encoding="utf-8"?>
<Project ToolsVersion="4.0" xmlns="http://schemas.microsoft.com/developer/msbuild/2003">
  <ItemGroup>
    <Filter Include="Game">
      <UniqueIdentifier>{079e0610-6bfb-4ecb-853c-bfb46a32479a}</UniqueIdentifier>
    </Filter>
    <Filter Include="Game\Object">
      <UniqueIdentifier>{0bcf3d8c-33d6-4fb1-a5af-7d5e734a6e10}</UniqueIdentifier>
    </Filter>
    <Filter Include="Game\System">
      <UniqueIdentifier>{a79d60e9-94c5-433e-b088-bd11f872e345}</UniqueIdentifier>
    </Filter>
    <Filter Include="Game\Object\Mesh">
      <UniqueIdentifier>{da9d584e-66fe-42a0-b9c2-d26ae328eece}</UniqueIdentifier>
    </Filter>
    <Filter Include="Game\System\Render">
      <UniqueIdentifier>{77c9d19b-19e9-4367-b4c8-1023c8f193a5}</UniqueIdentifier>
    </Filter>
    <Filter Include="Game\System\Input">
      <UniqueIdentifier>{d6f401ea-1120-4600-9ff9-af392588d883}</UniqueIdentifier>
    </Filter>
    <Filter Include="Game\System\Script">
      <UniqueIdentifier>{3510ce94-bf32-46a7-83d3-f4f7bb770296}</UniqueIdentifier>
    </Filter>
    <Filter Include="Game\Application">
      <UniqueIdentifier>{a821cfc4-1d07-4dfa-8394-6ede76abbb14}</UniqueIdentifier>
    </Filter>
    <Filter Include="Game\Object\Scene">
      <UniqueIdentifier>{d00460ed-5e94-401e-8188-6f56a78bee13}</UniqueIdentifier>
    </Filter>
    <Filter Include="Game\Object\Scene\Component">
      <UniqueIdentifier>{0a7a922f-aa87-4dcf-9ddc-e3860dedaf0e}</UniqueIdentifier>
    </Filter>
    <Filter Include="Game\System\Physics">
      <UniqueIdentifier>{d81fe06f-709c-4da9-9aa1-bcaa29054821}</UniqueIdentifier>
    </Filter>
  </ItemGroup>
  <ItemGroup>
    <ClInclude Include="..\..\Src\BlackCat.Game\Game\Application\bcIRenderApplicationOutputWindow.h">
      <Filter>Game\Application</Filter>
    </ClInclude>
    <ClInclude Include="..\..\Src\BlackCat.Game\Game\Object\Scene\Component\bcHeightMapComponent.h">
      <Filter>Game\Object\Scene\Component</Filter>
    </ClInclude>
    <ClInclude Include="..\..\Src\BlackCat.Game\Game\Object\Scene\Component\bcHierarchyComponent.h">
      <Filter>Game\Object\Scene\Component</Filter>
    </ClInclude>
    <ClInclude Include="..\..\Src\BlackCat.Game\Game\Object\Scene\Component\bcMeshComponent.h">
      <Filter>Game\Object\Scene\Component</Filter>
    </ClInclude>
    <ClInclude Include="..\..\Src\BlackCat.Game\Game\Object\Scene\Component\bcRenderComponent.h">
      <Filter>Game\Object\Scene\Component</Filter>
    </ClInclude>
    <ClInclude Include="..\..\Src\BlackCat.Game\Game\Object\Scene\Component\bcRigidBodyComponent.h">
      <Filter>Game\Object\Scene\Component</Filter>
    </ClInclude>
    <ClInclude Include="..\..\Src\BlackCat.Game\Game\Object\Scene\Component\bcRigidDynamicComponent.h">
      <Filter>Game\Object\Scene\Component</Filter>
    </ClInclude>
    <ClInclude Include="..\..\Src\BlackCat.Game\Game\Object\Scene\Component\bcRigidStaticComponent.h">
      <Filter>Game\Object\Scene\Component</Filter>
    </ClInclude>
    <ClInclude Include="..\..\Src\BlackCat.Game\Game\Object\Scene\bcActor.h">
      <Filter>Game\Object\Scene</Filter>
    </ClInclude>
    <ClInclude Include="..\..\Src\BlackCat.Game\Game\Object\Scene\bcActor.hpp">
      <Filter>Game\Object\Scene</Filter>
    </ClInclude>
    <ClInclude Include="..\..\Src\BlackCat.Game\Game\Object\Scene\bcActorComponent.h">
      <Filter>Game\Object\Scene</Filter>
    </ClInclude>
    <ClInclude Include="..\..\Src\BlackCat.Game\Game\Object\Scene\bcActorComponentContainer.h">
      <Filter>Game\Object\Scene</Filter>
    </ClInclude>
    <ClInclude Include="..\..\Src\BlackCat.Game\Game\Object\Scene\bcActorComponentManager.h">
      <Filter>Game\Object\Scene</Filter>
    </ClInclude>
    <ClInclude Include="..\..\Src\BlackCat.Game\Game\Object\Scene\bcEntityManager.h">
      <Filter>Game\Object\Scene</Filter>
    </ClInclude>
    <ClInclude Include="..\..\Src\BlackCat.Game\Game\Object\Scene\bcScenceGraph.h">
      <Filter>Game\Object\Scene</Filter>
    </ClInclude>
    <ClInclude Include="..\..\Src\BlackCat.Game\Game\Object\Scene\bcScene.h">
      <Filter>Game\Object\Scene</Filter>
    </ClInclude>
    <ClInclude Include="..\..\Src\BlackCat.Game\Game\System\Physics\bcPhysicsSystem.h">
      <Filter>Game\System\Physics</Filter>
    </ClInclude>
    <ClInclude Include="..\..\Src\BlackCat.Game\Game\System\Physics\bcPxWrap.h">
      <Filter>Game\System\Physics</Filter>
    </ClInclude>
    <ClInclude Include="..\..\Src\BlackCat.Game\Game\System\Input\bcCamera.h">
      <Filter>Game\System\Input</Filter>
    </ClInclude>
    <ClInclude Include="..\..\Src\BlackCat.Game\Game\System\Input\bcFileSystem.h">
      <Filter>Game\System\Input</Filter>
    </ClInclude>
    <ClInclude Include="..\..\Src\BlackCat.Game\Game\System\Input\bcFreeCamera.h">
      <Filter>Game\System\Input</Filter>
    </ClInclude>
    <ClInclude Include="..\..\Src\BlackCat.Game\Game\System\Input\bcInputSystem.h">
      <Filter>Game\System\Input</Filter>
    </ClInclude>
    <ClInclude Include="..\..\Src\BlackCat.Game\Game\System\Render\bcComputeState.h">
      <Filter>Game\System\Render</Filter>
    </ClInclude>
    <ClInclude Include="..\..\Src\BlackCat.Game\Game\System\Render\bcMaterialManager.h">
      <Filter>Game\System\Render</Filter>
    </ClInclude>
    <ClInclude Include="..\..\Src\BlackCat.Game\Game\System\Render\bcRenderInstance.h">
      <Filter>Game\System\Render</Filter>
    </ClInclude>
    <ClInclude Include="..\..\Src\BlackCat.Game\Game\System\Render\bcRenderPass.h">
      <Filter>Game\System\Render</Filter>
    </ClInclude>
    <ClInclude Include="..\..\Src\BlackCat.Game\Game\System\Render\bcRenderPassManager.h">
      <Filter>Game\System\Render</Filter>
    </ClInclude>
    <ClInclude Include="..\..\Src\BlackCat.Game\Game\System\Render\bcRenderPassResourceShare.h">
      <Filter>Game\System\Render</Filter>
    </ClInclude>
    <ClInclude Include="..\..\Src\BlackCat.Game\Game\System\Render\bcRenderPassState.h">
      <Filter>Game\System\Render</Filter>
    </ClInclude>
    <ClInclude Include="..\..\Src\BlackCat.Game\Game\System\Render\bcRenderState.h">
      <Filter>Game\System\Render</Filter>
    </ClInclude>
    <ClInclude Include="..\..\Src\BlackCat.Game\Game\System\Render\bcRenderSystem.h">
      <Filter>Game\System\Render</Filter>
    </ClInclude>
    <ClInclude Include="..\..\Src\BlackCat.Game\Game\System\Render\bcRenderSystemParameter.h">
      <Filter>Game\System\Render</Filter>
    </ClInclude>
    <ClInclude Include="..\..\Src\BlackCat.Game\Game\System\Render\bcRenderTask.h">
      <Filter>Game\System\Render</Filter>
    </ClInclude>
    <ClInclude Include="..\..\Src\BlackCat.Game\Game\System\Render\bcRenderThread.h">
      <Filter>Game\System\Render</Filter>
    </ClInclude>
    <ClInclude Include="..\..\Src\BlackCat.Game\Game\System\Render\bcRenderThreadManager.h">
      <Filter>Game\System\Render</Filter>
    </ClInclude>
    <ClInclude Include="..\..\Src\BlackCat.Game\Game\System\Render\bcStateConfigs.h">
      <Filter>Game\System\Render</Filter>
    </ClInclude>
    <ClInclude Include="..\..\Src\BlackCat.Game\Game\System\Render\bcVertexLayout.h">
      <Filter>Game\System\Render</Filter>
    </ClInclude>
    <ClInclude Include="..\..\Src\BlackCat.Game\Game\System\Script\bcDefaultGameConsole.h">
      <Filter>Game\System\Script</Filter>
    </ClInclude>
    <ClInclude Include="..\..\Src\BlackCat.Game\Game\System\Script\bcGameConsole.h">
      <Filter>Game\System\Script</Filter>
    </ClInclude>
    <ClInclude Include="..\..\Src\BlackCat.Game\Game\System\Script\bcScriptBinding.h">
      <Filter>Game\System\Script</Filter>
    </ClInclude>
    <ClInclude Include="..\..\Src\BlackCat.Game\Game\System\Script\bcScriptSystem.h">
      <Filter>Game\System\Script</Filter>
    </ClInclude>
    <ClInclude Include="..\..\Src\BlackCat.Game\Game\System\Script\bcScriptUIContext.h">
      <Filter>Game\System\Script</Filter>
    </ClInclude>
    <ClInclude Include="..\..\Src\BlackCat.Game\Game\System\bcGameSystem.h">
      <Filter>Game\System</Filter>
    </ClInclude>
    <ClInclude Include="..\..\Src\BlackCat.Game\Game\bcException.h">
      <Filter>Game</Filter>
    </ClInclude>
    <ClInclude Include="..\..\Src\BlackCat.Game\Game\bcExport.h">
      <Filter>Game</Filter>
    </ClInclude>
    <ClInclude Include="..\..\Src\BlackCat.Game\Game\GamePCH.h">
      <Filter>Game</Filter>
    </ClInclude>
    <ClInclude Include="..\..\Src\BlackCat.Game\Game\Application\bcRenderApplication.h">
      <Filter>Game\Application</Filter>
    </ClInclude>
    <ClInclude Include="..\..\Src\BlackCat.Game\Game\Object\Mesh\bcHeightMap.h">
      <Filter>Game\Object\Mesh</Filter>
    </ClInclude>
    <ClInclude Include="..\..\Src\BlackCat.Game\Game\Object\Mesh\bcMaterial.h">
      <Filter>Game\Object\Mesh</Filter>
    </ClInclude>
    <ClInclude Include="..\..\Src\BlackCat.Game\Game\Object\Mesh\bcMesh.h">
      <Filter>Game\Object\Mesh</Filter>
    </ClInclude>
    <ClInclude Include="..\..\Src\BlackCat.Game\Game\Object\Mesh\bcMeshCollider.h">
      <Filter>Game\Object\Mesh</Filter>
    </ClInclude>
    <ClInclude Include="..\..\Src\BlackCat.Game\Game\Object\Mesh\bcMeshGenerator.h">
      <Filter>Game\Object\Mesh</Filter>
    </ClInclude>
    <ClInclude Include="..\..\Src\BlackCat.Game\Game\Object\Mesh\bcSubMesh.h">
      <Filter>Game\Object\Mesh</Filter>
    </ClInclude>
    <ClInclude Include="..\..\Src\BlackCat.Game\Game\Object\Mesh\bcMeshPartCollider.h">
      <Filter>Game\Object\Mesh</Filter>
    </ClInclude>
    <ClInclude Include="..\..\Src\BlackCat.Game\Game\Object\Scene\Component\bcNameComponent.h">
      <Filter>Game\Object\Scene\Component</Filter>
    </ClInclude>
  </ItemGroup>
  <ItemGroup>
    <ClCompile Include="..\..\Src\BlackCat.Game\Game\Application\bcRenderApplication.cpp">
      <Filter>Game\Application</Filter>
    </ClCompile>
    <ClCompile Include="..\..\Src\BlackCat.Game\Game\Object\Scene\Component\bcHeightMapComponent.cpp">
      <Filter>Game\Object\Scene\Component</Filter>
    </ClCompile>
    <ClCompile Include="..\..\Src\BlackCat.Game\Game\Object\Scene\Component\bcHierarchyComponent.cpp">
      <Filter>Game\Object\Scene\Component</Filter>
    </ClCompile>
    <ClCompile Include="..\..\Src\BlackCat.Game\Game\Object\Scene\Component\bcMeshComponent.cpp">
      <Filter>Game\Object\Scene\Component</Filter>
    </ClCompile>
    <ClCompile Include="..\..\Src\BlackCat.Game\Game\Object\Scene\Component\bcRenderComponent.cpp">
      <Filter>Game\Object\Scene\Component</Filter>
    </ClCompile>
    <ClCompile Include="..\..\Src\BlackCat.Game\Game\Object\Scene\Component\bcRigidBodyComponent.cpp">
      <Filter>Game\Object\Scene\Component</Filter>
    </ClCompile>
    <ClCompile Include="..\..\Src\BlackCat.Game\Game\Object\Scene\Component\bcRigidDynamicComponent.cpp">
      <Filter>Game\Object\Scene\Component</Filter>
    </ClCompile>
    <ClCompile Include="..\..\Src\BlackCat.Game\Game\Object\Scene\Component\bcRigidStaticComponent.cpp">
      <Filter>Game\Object\Scene\Component</Filter>
    </ClCompile>
    <ClCompile Include="..\..\Src\BlackCat.Game\Game\Object\Scene\bcActorComponent.cpp">
      <Filter>Game\Object\Scene</Filter>
    </ClCompile>
    <ClCompile Include="..\..\Src\BlackCat.Game\Game\Object\Scene\bcEntityManager.cpp">
      <Filter>Game\Object\Scene</Filter>
    </ClCompile>
    <ClCompile Include="..\..\Src\BlackCat.Game\Game\Object\Scene\bcScenceGraph.cpp">
      <Filter>Game\Object\Scene</Filter>
    </ClCompile>
    <ClCompile Include="..\..\Src\BlackCat.Game\Game\Object\Scene\bcScene.cpp">
      <Filter>Game\Object\Scene</Filter>
    </ClCompile>
    <ClCompile Include="..\..\Src\BlackCat.Game\Game\System\Physics\bcPhysicsSystem.cpp">
      <Filter>Game\System\Physics</Filter>
    </ClCompile>
    <ClCompile Include="..\..\Src\BlackCat.Game\Game\System\Input\bcCamera.cpp">
      <Filter>Game\System\Input</Filter>
    </ClCompile>
    <ClCompile Include="..\..\Src\BlackCat.Game\Game\System\Input\bcFileSystem.cpp">
      <Filter>Game\System\Input</Filter>
    </ClCompile>
    <ClCompile Include="..\..\Src\BlackCat.Game\Game\System\Input\bcFreeCamera.cpp">
      <Filter>Game\System\Input</Filter>
    </ClCompile>
    <ClCompile Include="..\..\Src\BlackCat.Game\Game\System\Render\bcComputeState.cpp">
      <Filter>Game\System\Render</Filter>
    </ClCompile>
    <ClCompile Include="..\..\Src\BlackCat.Game\Game\System\Render\bcMaterialManager.cpp">
      <Filter>Game\System\Render</Filter>
    </ClCompile>
    <ClCompile Include="..\..\Src\BlackCat.Game\Game\System\Render\bcRenderPassManager.cpp">
      <Filter>Game\System\Render</Filter>
    </ClCompile>
    <ClCompile Include="..\..\Src\BlackCat.Game\Game\System\Render\bcRenderPassState.cpp">
      <Filter>Game\System\Render</Filter>
    </ClCompile>
    <ClCompile Include="..\..\Src\BlackCat.Game\Game\System\Render\bcRenderState.cpp">
      <Filter>Game\System\Render</Filter>
    </ClCompile>
    <ClCompile Include="..\..\Src\BlackCat.Game\Game\System\Render\bcRenderSystem.cpp">
      <Filter>Game\System\Render</Filter>
    </ClCompile>
    <ClCompile Include="..\..\Src\BlackCat.Game\Game\System\Render\bcRenderThread.cpp">
      <Filter>Game\System\Render</Filter>
    </ClCompile>
    <ClCompile Include="..\..\Src\BlackCat.Game\Game\System\Render\bcRenderThreadManager.cpp">
      <Filter>Game\System\Render</Filter>
    </ClCompile>
    <ClCompile Include="..\..\Src\BlackCat.Game\Game\System\Script\bcDefaultGameConsole.cpp">
      <Filter>Game\System\Script</Filter>
    </ClCompile>
    <ClCompile Include="..\..\Src\BlackCat.Game\Game\System\Script\bcGameConsole.cpp">
      <Filter>Game\System\Script</Filter>
    </ClCompile>
    <ClCompile Include="..\..\Src\BlackCat.Game\Game\System\Script\bcScriptSystem.cpp">
      <Filter>Game\System\Script</Filter>
    </ClCompile>
    <ClCompile Include="..\..\Src\BlackCat.Game\Game\System\Script\bcScriptUIContext.cpp">
      <Filter>Game\System\Script</Filter>
    </ClCompile>
    <ClCompile Include="..\..\Src\BlackCat.Game\Game\GamePCH.cpp">
      <Filter>Game</Filter>
    </ClCompile>
    <ClCompile Include="..\..\Src\BlackCat.Game\Game\Object\Mesh\bcHeightMap.cpp">
      <Filter>Game\Object\Mesh</Filter>
    </ClCompile>
    <ClCompile Include="..\..\Src\BlackCat.Game\Game\Object\Mesh\bcMaterial.cpp">
      <Filter>Game\Object\Mesh</Filter>
    </ClCompile>
    <ClCompile Include="..\..\Src\BlackCat.Game\Game\Object\Mesh\bcMesh.cpp">
      <Filter>Game\Object\Mesh</Filter>
    </ClCompile>
    <ClCompile Include="..\..\Src\BlackCat.Game\Game\Object\Mesh\bcMeshCollider.cpp">
      <Filter>Game\Object\Mesh</Filter>
    </ClCompile>
    <ClCompile Include="..\..\Src\BlackCat.Game\Game\Object\Mesh\bcMeshGenerator.cpp">
      <Filter>Game\Object\Mesh</Filter>
    </ClCompile>
    <ClCompile Include="..\..\Src\BlackCat.Game\Game\Object\Mesh\bcSubMesh.cpp">
      <Filter>Game\Object\Mesh</Filter>
    </ClCompile>
    <ClCompile Include="..\..\Src\BlackCat.Game\Game\Object\Mesh\bcMeshPartCollider.cpp">
      <Filter>Game\Object\Mesh</Filter>
    </ClCompile>
    <ClCompile Include="..\..\Src\BlackCat.Game\Game\Object\Scene\Component\bcNameComponent.cpp">
      <Filter>Game\Object\Scene\Component</Filter>
    </ClCompile>
  </ItemGroup>
</Project>