<?xml version="1.0" encoding="utf-8"?>
<Project ToolsVersion="4.0" xmlns="http://schemas.microsoft.com/developer/msbuild/2003">
  <ItemGroup>
    <Filter Include="CorePlatform">
      <UniqueIdentifier>{c9e8de48-2632-4e16-8082-834be871f272}</UniqueIdentifier>
    </Filter>
    <Filter Include="CorePlatform\Concurrency">
      <UniqueIdentifier>{32a9abdc-c240-421e-ab49-d44fe66022cd}</UniqueIdentifier>
    </Filter>
    <Filter Include="CorePlatform\File">
      <UniqueIdentifier>{4b872ee8-343c-4b05-b52e-6110cbe29818}</UniqueIdentifier>
    </Filter>
    <Filter Include="CorePlatform\Memory">
      <UniqueIdentifier>{67c788fc-041f-43d5-a4d0-a06d69419890}</UniqueIdentifier>
    </Filter>
    <Filter Include="CorePlatform\Utility">
      <UniqueIdentifier>{c4a5e443-5212-41fc-b3a8-b1b9fb824343}</UniqueIdentifier>
    </Filter>
  </ItemGroup>
  <ItemGroup>
    <ClInclude Include="..\..\Src\BlackCat.Core.Platform\CorePlatform\Concurrency\bcConcurrencyDef.h">
      <Filter>CorePlatform\Concurrency</Filter>
    </ClInclude>
    <ClInclude Include="..\..\Src\BlackCat.Core.Platform\CorePlatform\CorePlatformPCH.h">
      <Filter>CorePlatform</Filter>
    </ClInclude>
    <ClInclude Include="..\..\Src\BlackCat.Core.Platform\CorePlatform\bcType.h">
      <Filter>CorePlatform</Filter>
    </ClInclude>
    <ClInclude Include="..\..\Src\BlackCat.Core.Platform\CorePlatform\bcPlatform.h">
      <Filter>CorePlatform</Filter>
    </ClInclude>
    <ClInclude Include="..\..\Src\BlackCat.Core.Platform\CorePlatform\Concurrency\bcMutex.h">
      <Filter>CorePlatform\Concurrency</Filter>
    </ClInclude>
    <ClInclude Include="..\..\Src\BlackCat.Core.Platform\CorePlatform\bcException.h">
      <Filter>CorePlatform</Filter>
    </ClInclude>
    <ClInclude Include="..\..\Src\BlackCat.Core.Platform\CorePlatform\bcExport.h">
      <Filter>CorePlatform</Filter>
    </ClInclude>
    <ClInclude Include="..\..\Src\BlackCat.Core.Platform\CorePlatform\Concurrency\bcAtomic.h">
      <Filter>CorePlatform\Concurrency</Filter>
    </ClInclude>
    <ClInclude Include="..\..\Src\BlackCat.Core.Platform\CorePlatform\Concurrency\bcConditionVariable.h">
      <Filter>CorePlatform\Concurrency</Filter>
    </ClInclude>
    <ClInclude Include="..\..\Src\BlackCat.Core.Platform\CorePlatform\Concurrency\bcFuture.h">
      <Filter>CorePlatform\Concurrency</Filter>
    </ClInclude>
    <ClInclude Include="..\..\Src\BlackCat.Core.Platform\CorePlatform\Concurrency\bcThread.h">
      <Filter>CorePlatform\Concurrency</Filter>
    </ClInclude>
    <ClInclude Include="..\..\Src\BlackCat.Core.Platform\CorePlatform\Concurrency\bcThreadLocal.h">
      <Filter>CorePlatform\Concurrency</Filter>
    </ClInclude>
    <ClInclude Include="..\..\Src\BlackCat.Core.Platform\CorePlatform\File\bcFile.h">
      <Filter>CorePlatform\File</Filter>
    </ClInclude>
    <ClInclude Include="..\..\Src\BlackCat.Core.Platform\CorePlatform\File\bcFileInfo.h">
      <Filter>CorePlatform\File</Filter>
    </ClInclude>
    <ClInclude Include="..\..\Src\BlackCat.Core.Platform\CorePlatform\File\bcPath.h">
      <Filter>CorePlatform\File</Filter>
    </ClInclude>
    <ClInclude Include="..\..\Src\BlackCat.Core.Platform\CorePlatform\Memory\bcMemAlloc.h">
      <Filter>CorePlatform\Memory</Filter>
    </ClInclude>
    <ClInclude Include="..\..\Src\BlackCat.Core.Platform\CorePlatform\Utility\bcClock.h">
      <Filter>CorePlatform\Utility</Filter>
    </ClInclude>
    <ClInclude Include="..\..\Src\BlackCat.Core.Platform\CorePlatform\Utility\bcHardwareInfo.h">
      <Filter>CorePlatform\Utility</Filter>
    </ClInclude>
    <ClInclude Include="..\..\Src\BlackCat.Core.Platform\CorePlatform\Utility\bcNoCopy.h">
      <Filter>CorePlatform\Utility</Filter>
    </ClInclude>
  </ItemGroup>
  <ItemGroup>
    <ClCompile Include="..\..\Src\BlackCat.Core.Platform\CorePlatform\CorePlatformPCH.cpp">
      <Filter>CorePlatform</Filter>
    </ClCompile>
  </ItemGroup>
</Project>