<?xml version="1.0" encoding="utf-8"?>
<Project ToolsVersion="4.0" xmlns="http://schemas.microsoft.com/developer/msbuild/2003">
  <ItemGroup>
    <Filter Include="GraphicImp">
      <UniqueIdentifier>{66f686c8-9444-4f74-b8d9-badc12273286}</UniqueIdentifier>
    </Filter>
    <Filter Include="GraphicImp\Resource">
      <UniqueIdentifier>{ddd9c185-37b2-4a6d-a430-3d7f56403b3e}</UniqueIdentifier>
    </Filter>
    <Filter Include="GraphicImp\Resource\State">
      <UniqueIdentifier>{0fc8ae86-63b7-4fd7-a90b-a67ba1be30f1}</UniqueIdentifier>
    </Filter>
    <Filter Include="GraphicImp\Shader">
      <UniqueIdentifier>{34537d80-d9ea-448a-b231-c842de9fb444}</UniqueIdentifier>
    </Filter>
    <Filter Include="GraphicImp\Resource\Buffer">
      <UniqueIdentifier>{e67e4e17-c989-4cf9-baaa-759eb9d23ff5}</UniqueIdentifier>
    </Filter>
    <Filter Include="GraphicImp\Resource\Texture">
      <UniqueIdentifier>{a71dd75f-f38a-47bf-b7e1-3130cf54818b}</UniqueIdentifier>
    </Filter>
    <Filter Include="GraphicImp\PipelineStage">
      <UniqueIdentifier>{96d6d08d-a8f9-4067-bbc5-4437ecbd33f8}</UniqueIdentifier>
    </Filter>
    <Filter Include="GraphicImp\Resource\View">
      <UniqueIdentifier>{544e65ef-6ed1-4c0d-a56c-3fd8141b388d}</UniqueIdentifier>
    </Filter>
    <Filter Include="GraphicImp\Device">
      <UniqueIdentifier>{4f2d8932-0cd7-45ed-b191-a351eb6bbe46}</UniqueIdentifier>
    </Filter>
    <Filter Include="GraphicImp\Device\Command">
      <UniqueIdentifier>{93a3d060-5eed-4618-a17f-2df57d01452e}</UniqueIdentifier>
    </Filter>
    <Filter Include="GraphicImp\Shader\Parameter">
      <UniqueIdentifier>{c8968d20-e180-447b-bd83-ed243494a300}</UniqueIdentifier>
    </Filter>
    <Filter Include="GraphicImp\Font">
      <UniqueIdentifier>{35a4ca94-4827-4fbc-abc4-e94bca96fd6a}</UniqueIdentifier>
    </Filter>
    <Filter Include="GraphicImp\Device\Query">
      <UniqueIdentifier>{7cf0d377-67c7-4813-a4d6-3e2d4b893134}</UniqueIdentifier>
    </Filter>
  </ItemGroup>
  <ItemGroup>
    <ClCompile Include="..\..\Src\BlackCat.Graphic.DirectX11\GraphicImp\Device\Command\bcDeviceCommandList.cpp">
      <Filter>GraphicImp\Device\Command</Filter>
    </ClCompile>
    <ClCompile Include="..\..\Src\BlackCat.Graphic.DirectX11\GraphicImp\Device\bcDevice.cpp">
      <Filter>GraphicImp\Device</Filter>
    </ClCompile>
    <ClCompile Include="..\..\Src\BlackCat.Graphic.DirectX11\GraphicImp\Device\bcDeviceOutput.cpp">
      <Filter>GraphicImp\Device</Filter>
    </ClCompile>
    <ClCompile Include="..\..\Src\BlackCat.Graphic.DirectX11\GraphicImp\Device\bcDevicePipeline.cpp">
      <Filter>GraphicImp\Device</Filter>
    </ClCompile>
    <ClCompile Include="..\..\Src\BlackCat.Graphic.DirectX11\GraphicImp\PipelineStage\bcComputeStage.cpp">
      <Filter>GraphicImp\PipelineStage</Filter>
    </ClCompile>
    <ClCompile Include="..\..\Src\BlackCat.Graphic.DirectX11\GraphicImp\PipelineStage\bcDomainStage.cpp">
      <Filter>GraphicImp\PipelineStage</Filter>
    </ClCompile>
    <ClCompile Include="..\..\Src\BlackCat.Graphic.DirectX11\GraphicImp\PipelineStage\bcGeometryStage.cpp">
      <Filter>GraphicImp\PipelineStage</Filter>
    </ClCompile>
    <ClCompile Include="..\..\Src\BlackCat.Graphic.DirectX11\GraphicImp\PipelineStage\bcHullStage.cpp">
      <Filter>GraphicImp\PipelineStage</Filter>
    </ClCompile>
    <ClCompile Include="..\..\Src\BlackCat.Graphic.DirectX11\GraphicImp\PipelineStage\bcInputAssemblerStage.cpp">
      <Filter>GraphicImp\PipelineStage</Filter>
    </ClCompile>
    <ClCompile Include="..\..\Src\BlackCat.Graphic.DirectX11\GraphicImp\PipelineStage\bcOutputMergerStage.cpp">
      <Filter>GraphicImp\PipelineStage</Filter>
    </ClCompile>
    <ClCompile Include="..\..\Src\BlackCat.Graphic.DirectX11\GraphicImp\PipelineStage\bcPixelStage.cpp">
      <Filter>GraphicImp\PipelineStage</Filter>
    </ClCompile>
    <ClCompile Include="..\..\Src\BlackCat.Graphic.DirectX11\GraphicImp\PipelineStage\bcProgrammableStage.cpp">
      <Filter>GraphicImp\PipelineStage</Filter>
    </ClCompile>
    <ClCompile Include="..\..\Src\BlackCat.Graphic.DirectX11\GraphicImp\PipelineStage\bcRasterizerStage.cpp">
      <Filter>GraphicImp\PipelineStage</Filter>
    </ClCompile>
    <ClCompile Include="..\..\Src\BlackCat.Graphic.DirectX11\GraphicImp\PipelineStage\bcStreamOutputStage.cpp">
      <Filter>GraphicImp\PipelineStage</Filter>
    </ClCompile>
    <ClCompile Include="..\..\Src\BlackCat.Graphic.DirectX11\GraphicImp\PipelineStage\bcVertexStage.cpp">
      <Filter>GraphicImp\PipelineStage</Filter>
    </ClCompile>
    <ClCompile Include="..\..\Src\BlackCat.Graphic.DirectX11\GraphicImp\Resource\Buffer\bcBuffer.cpp">
      <Filter>GraphicImp\Resource\Buffer</Filter>
    </ClCompile>
    <ClCompile Include="..\..\Src\BlackCat.Graphic.DirectX11\GraphicImp\Resource\Buffer\bcBufferConfig.cpp">
      <Filter>GraphicImp\Resource\Buffer</Filter>
    </ClCompile>
    <ClCompile Include="..\..\Src\BlackCat.Graphic.DirectX11\GraphicImp\Resource\Texture\bcTexture2d.cpp">
      <Filter>GraphicImp\Resource\Texture</Filter>
    </ClCompile>
    <ClCompile Include="..\..\Src\BlackCat.Graphic.DirectX11\GraphicImp\Resource\Texture\bcTextureConfig.cpp">
      <Filter>GraphicImp\Resource\Texture</Filter>
    </ClCompile>
    <ClCompile Include="..\..\Src\BlackCat.Graphic.DirectX11\GraphicImp\Resource\View\bcDepthStencilView.cpp">
      <Filter>GraphicImp\Resource\View</Filter>
    </ClCompile>
    <ClCompile Include="..\..\Src\BlackCat.Graphic.DirectX11\GraphicImp\Resource\View\bcIResourceView.cpp">
      <Filter>GraphicImp\Resource\View</Filter>
    </ClCompile>
    <ClCompile Include="..\..\Src\BlackCat.Graphic.DirectX11\GraphicImp\Resource\View\bcRenderTargetView.cpp">
      <Filter>GraphicImp\Resource\View</Filter>
    </ClCompile>
    <ClCompile Include="..\..\Src\BlackCat.Graphic.DirectX11\GraphicImp\Resource\View\bcResourceView.cpp">
      <Filter>GraphicImp\Resource\View</Filter>
    </ClCompile>
    <ClCompile Include="..\..\Src\BlackCat.Graphic.DirectX11\GraphicImp\Resource\bcResource.cpp">
      <Filter>GraphicImp\Resource</Filter>
    </ClCompile>
    <ClCompile Include="..\..\Src\BlackCat.Graphic.DirectX11\GraphicImp\Shader\bcComputeShader.cpp">
      <Filter>GraphicImp\Shader</Filter>
    </ClCompile>
    <ClCompile Include="..\..\Src\BlackCat.Graphic.DirectX11\GraphicImp\Shader\bcDomainShader.cpp">
      <Filter>GraphicImp\Shader</Filter>
    </ClCompile>
    <ClCompile Include="..\..\Src\BlackCat.Graphic.DirectX11\GraphicImp\Shader\bcGeometryShader.cpp">
      <Filter>GraphicImp\Shader</Filter>
    </ClCompile>
    <ClCompile Include="..\..\Src\BlackCat.Graphic.DirectX11\GraphicImp\Shader\bcHullShader.cpp">
      <Filter>GraphicImp\Shader</Filter>
    </ClCompile>
    <ClCompile Include="..\..\Src\BlackCat.Graphic.DirectX11\GraphicImp\Shader\bcPixelShader.cpp">
      <Filter>GraphicImp\Shader</Filter>
    </ClCompile>
    <ClCompile Include="..\..\Src\BlackCat.Graphic.DirectX11\GraphicImp\Shader\bcShader.cpp">
      <Filter>GraphicImp\Shader</Filter>
    </ClCompile>
    <ClCompile Include="..\..\Src\BlackCat.Graphic.DirectX11\GraphicImp\Shader\bcVertexShader.cpp">
      <Filter>GraphicImp\Shader</Filter>
    </ClCompile>
    <ClCompile Include="..\..\Src\BlackCat.Graphic.DirectX11\GraphicImp\bcDeviceRef.cpp">
      <Filter>GraphicImp</Filter>
    </ClCompile>
    <ClCompile Include="..\..\Src\BlackCat.Graphic.DirectX11\GraphicImp\bcDeviceReference.cpp">
      <Filter>GraphicImp</Filter>
    </ClCompile>
    <ClCompile Include="..\..\Src\BlackCat.Graphic.DirectX11\GraphicImp\bcUtility.cpp">
      <Filter>GraphicImp</Filter>
    </ClCompile>
    <ClCompile Include="..\..\Src\BlackCat.Graphic.DirectX11\GraphicImp\GraphicImpPCH.cpp">
      <Filter>GraphicImp</Filter>
    </ClCompile>
    <ClCompile Include="..\..\Src\BlackCat.Graphic.DirectX11\GraphicImp\Device\Command\bcDeviceCommandExecutor.cpp">
      <Filter>GraphicImp\Device\Command</Filter>
    </ClCompile>
    <ClCompile Include="..\..\Src\BlackCat.Graphic.DirectX11\GraphicImp\Resource\bcResourceBuilder.cpp">
      <Filter>GraphicImp\Resource</Filter>
    </ClCompile>
    <ClCompile Include="..\..\Src\BlackCat.Graphic.DirectX11\GraphicImp\Device\bcDeviceSwapBuffer.cpp">
      <Filter>GraphicImp\Device</Filter>
    </ClCompile>
    <ClCompile Include="..\..\Src\BlackCat.Graphic.DirectX11\GraphicImp\Font\bcSpriteFont.cpp">
      <Filter>GraphicImp\Font</Filter>
    </ClCompile>
    <ClCompile Include="..\..\Src\BlackCat.Graphic.DirectX11\GraphicImp\Font\bcSpriteBatch.cpp">
      <Filter>GraphicImp\Font</Filter>
    </ClCompile>
    <ClCompile Include="..\..\Src\BlackCat.Graphic.DirectX11\GraphicImp\Device\Query\bcDeviceOcclusionQuery.cpp">
      <Filter>GraphicImp\Device\Query</Filter>
    </ClCompile>
    <ClCompile Include="..\..\Src\BlackCat.Graphic.DirectX11\GraphicImp\Device\Query\bcDeviceTimeStampQuery.cpp">
      <Filter>GraphicImp\Device\Query</Filter>
    </ClCompile>
    <ClCompile Include="..\..\Src\BlackCat.Graphic.DirectX11\GraphicImp\Device\Query\bcDeviceClockQuery.cpp">
      <Filter>GraphicImp\Device\Query</Filter>
    </ClCompile>
  </ItemGroup>
  <ItemGroup>
    <ClInclude Include="..\..\Src\BlackCat.Graphic.DirectX11\GraphicImp\Device\Command\bcDeviceCommandList.h">
      <Filter>GraphicImp\Device\Command</Filter>
    </ClInclude>
    <ClInclude Include="..\..\Src\BlackCat.Graphic.DirectX11\GraphicImp\Device\bcDevice.h">
      <Filter>GraphicImp\Device</Filter>
    </ClInclude>
    <ClInclude Include="..\..\Src\BlackCat.Graphic.DirectX11\GraphicImp\Device\bcDeviceComputeState.h">
      <Filter>GraphicImp\Device</Filter>
    </ClInclude>
    <ClInclude Include="..\..\Src\BlackCat.Graphic.DirectX11\GraphicImp\Device\bcDeviceOutput.h">
      <Filter>GraphicImp\Device</Filter>
    </ClInclude>
    <ClInclude Include="..\..\Src\BlackCat.Graphic.DirectX11\GraphicImp\Device\bcDevicePipeline.h">
      <Filter>GraphicImp\Device</Filter>
    </ClInclude>
    <ClInclude Include="..\..\Src\BlackCat.Graphic.DirectX11\GraphicImp\Device\bcDevicePipelineState.h">
      <Filter>GraphicImp\Device</Filter>
    </ClInclude>
    <ClInclude Include="..\..\Src\BlackCat.Graphic.DirectX11\GraphicImp\PipelineStage\bcComputeStage.h">
      <Filter>GraphicImp\PipelineStage</Filter>
    </ClInclude>
    <ClInclude Include="..\..\Src\BlackCat.Graphic.DirectX11\GraphicImp\PipelineStage\bcDomainStage.h">
      <Filter>GraphicImp\PipelineStage</Filter>
    </ClInclude>
    <ClInclude Include="..\..\Src\BlackCat.Graphic.DirectX11\GraphicImp\PipelineStage\bcGeometryStage.h">
      <Filter>GraphicImp\PipelineStage</Filter>
    </ClInclude>
    <ClInclude Include="..\..\Src\BlackCat.Graphic.DirectX11\GraphicImp\PipelineStage\bcHullStage.h">
      <Filter>GraphicImp\PipelineStage</Filter>
    </ClInclude>
    <ClInclude Include="..\..\Src\BlackCat.Graphic.DirectX11\GraphicImp\PipelineStage\bcInputAssemblerStage.h">
      <Filter>GraphicImp\PipelineStage</Filter>
    </ClInclude>
    <ClInclude Include="..\..\Src\BlackCat.Graphic.DirectX11\GraphicImp\PipelineStage\bcOutputMergerStage.h">
      <Filter>GraphicImp\PipelineStage</Filter>
    </ClInclude>
    <ClInclude Include="..\..\Src\BlackCat.Graphic.DirectX11\GraphicImp\PipelineStage\bcPixelStage.h">
      <Filter>GraphicImp\PipelineStage</Filter>
    </ClInclude>
    <ClInclude Include="..\..\Src\BlackCat.Graphic.DirectX11\GraphicImp\PipelineStage\bcProgrammableStage.h">
      <Filter>GraphicImp\PipelineStage</Filter>
    </ClInclude>
    <ClInclude Include="..\..\Src\BlackCat.Graphic.DirectX11\GraphicImp\PipelineStage\bcRasterizerStage.h">
      <Filter>GraphicImp\PipelineStage</Filter>
    </ClInclude>
    <ClInclude Include="..\..\Src\BlackCat.Graphic.DirectX11\GraphicImp\PipelineStage\bcStreamOutputStage.h">
      <Filter>GraphicImp\PipelineStage</Filter>
    </ClInclude>
    <ClInclude Include="..\..\Src\BlackCat.Graphic.DirectX11\GraphicImp\PipelineStage\bcVertexStage.h">
      <Filter>GraphicImp\PipelineStage</Filter>
    </ClInclude>
    <ClInclude Include="..\..\Src\BlackCat.Graphic.DirectX11\GraphicImp\Resource\Buffer\bcBuffer.h">
      <Filter>GraphicImp\Resource\Buffer</Filter>
    </ClInclude>
    <ClInclude Include="..\..\Src\BlackCat.Graphic.DirectX11\GraphicImp\Resource\Buffer\bcBufferConfig.h">
      <Filter>GraphicImp\Resource\Buffer</Filter>
    </ClInclude>
    <ClInclude Include="..\..\Src\BlackCat.Graphic.DirectX11\GraphicImp\Resource\State\bcSamplerState.h">
      <Filter>GraphicImp\Resource\State</Filter>
    </ClInclude>
    <ClInclude Include="..\..\Src\BlackCat.Graphic.DirectX11\GraphicImp\Resource\Texture\bcTexture2d.h">
      <Filter>GraphicImp\Resource\Texture</Filter>
    </ClInclude>
    <ClInclude Include="..\..\Src\BlackCat.Graphic.DirectX11\GraphicImp\Resource\Texture\bcTextureConfig.h">
      <Filter>GraphicImp\Resource\Texture</Filter>
    </ClInclude>
    <ClInclude Include="..\..\Src\BlackCat.Graphic.DirectX11\GraphicImp\Resource\View\bcDepthStencilView.h">
      <Filter>GraphicImp\Resource\View</Filter>
    </ClInclude>
    <ClInclude Include="..\..\Src\BlackCat.Graphic.DirectX11\GraphicImp\Resource\View\bcDepthStencilViewConfig.h">
      <Filter>GraphicImp\Resource\View</Filter>
    </ClInclude>
    <ClInclude Include="..\..\Src\BlackCat.Graphic.DirectX11\GraphicImp\Resource\View\bcIResourceView.h">
      <Filter>GraphicImp\Resource\View</Filter>
    </ClInclude>
    <ClInclude Include="..\..\Src\BlackCat.Graphic.DirectX11\GraphicImp\Resource\View\bcRenderTargetView.h">
      <Filter>GraphicImp\Resource\View</Filter>
    </ClInclude>
    <ClInclude Include="..\..\Src\BlackCat.Graphic.DirectX11\GraphicImp\Resource\View\bcRenderTargetViewConfig.h">
      <Filter>GraphicImp\Resource\View</Filter>
    </ClInclude>
    <ClInclude Include="..\..\Src\BlackCat.Graphic.DirectX11\GraphicImp\Resource\View\bcResourceView.h">
      <Filter>GraphicImp\Resource\View</Filter>
    </ClInclude>
    <ClInclude Include="..\..\Src\BlackCat.Graphic.DirectX11\GraphicImp\Resource\View\bcResourceViewConfig.h">
      <Filter>GraphicImp\Resource\View</Filter>
    </ClInclude>
    <ClInclude Include="..\..\Src\BlackCat.Graphic.DirectX11\GraphicImp\Resource\bcResource.h">
      <Filter>GraphicImp\Resource</Filter>
    </ClInclude>
    <ClInclude Include="..\..\Src\BlackCat.Graphic.DirectX11\GraphicImp\Shader\Parameter\bcConstantBufferParameter.h">
      <Filter>GraphicImp\Shader\Parameter</Filter>
    </ClInclude>
    <ClInclude Include="..\..\Src\BlackCat.Graphic.DirectX11\GraphicImp\Shader\Parameter\bcResourceViewParameter.h">
      <Filter>GraphicImp\Shader\Parameter</Filter>
    </ClInclude>
    <ClInclude Include="..\..\Src\BlackCat.Graphic.DirectX11\GraphicImp\Shader\Parameter\bcSamplerParameter.h">
      <Filter>GraphicImp\Shader\Parameter</Filter>
    </ClInclude>
    <ClInclude Include="..\..\Src\BlackCat.Graphic.DirectX11\GraphicImp\Shader\Parameter\bcShaderParameter.h">
      <Filter>GraphicImp\Shader\Parameter</Filter>
    </ClInclude>
    <ClInclude Include="..\..\Src\BlackCat.Graphic.DirectX11\GraphicImp\Shader\bcComputeShader.h">
      <Filter>GraphicImp\Shader</Filter>
    </ClInclude>
    <ClInclude Include="..\..\Src\BlackCat.Graphic.DirectX11\GraphicImp\Shader\bcDomainShader.h">
      <Filter>GraphicImp\Shader</Filter>
    </ClInclude>
    <ClInclude Include="..\..\Src\BlackCat.Graphic.DirectX11\GraphicImp\Shader\bcGeometryShader.h">
      <Filter>GraphicImp\Shader</Filter>
    </ClInclude>
    <ClInclude Include="..\..\Src\BlackCat.Graphic.DirectX11\GraphicImp\Shader\bcHullShader.h">
      <Filter>GraphicImp\Shader</Filter>
    </ClInclude>
    <ClInclude Include="..\..\Src\BlackCat.Graphic.DirectX11\GraphicImp\Shader\bcPixelShader.h">
      <Filter>GraphicImp\Shader</Filter>
    </ClInclude>
    <ClInclude Include="..\..\Src\BlackCat.Graphic.DirectX11\GraphicImp\Shader\bcShader.h">
      <Filter>GraphicImp\Shader</Filter>
    </ClInclude>
    <ClInclude Include="..\..\Src\BlackCat.Graphic.DirectX11\GraphicImp\Shader\bcVertexShader.h">
      <Filter>GraphicImp\Shader</Filter>
    </ClInclude>
    <ClInclude Include="..\..\Src\BlackCat.Graphic.DirectX11\GraphicImp\bcDeviceRef.h">
      <Filter>GraphicImp</Filter>
    </ClInclude>
    <ClInclude Include="..\..\Src\BlackCat.Graphic.DirectX11\GraphicImp\bcDeviceReference.h">
      <Filter>GraphicImp</Filter>
    </ClInclude>
    <ClInclude Include="..\..\Src\BlackCat.Graphic.DirectX11\GraphicImp\bcDeviceResourceContent.h">
      <Filter>GraphicImp</Filter>
    </ClInclude>
    <ClInclude Include="..\..\Src\BlackCat.Graphic.DirectX11\GraphicImp\bcExport.h">
      <Filter>GraphicImp</Filter>
    </ClInclude>
    <ClInclude Include="..\..\Src\BlackCat.Graphic.DirectX11\GraphicImp\bcRefCountProxy.h">
      <Filter>GraphicImp</Filter>
    </ClInclude>
    <ClInclude Include="..\..\Src\BlackCat.Graphic.DirectX11\GraphicImp\bcRenderApiInfo.h">
      <Filter>GraphicImp</Filter>
    </ClInclude>
    <ClInclude Include="..\..\Src\BlackCat.Graphic.DirectX11\GraphicImp\bcUtility.h">
      <Filter>GraphicImp</Filter>
    </ClInclude>
    <ClInclude Include="..\..\Src\BlackCat.Graphic.DirectX11\GraphicImp\GraphicImpPCH.h">
      <Filter>GraphicImp</Filter>
    </ClInclude>
    <ClInclude Include="..\..\Src\BlackCat.Graphic.DirectX11\GraphicImp\Device\Command\bcDeviceCommandExecutor.h">
      <Filter>GraphicImp\Device\Command</Filter>
    </ClInclude>
    <ClInclude Include="..\..\Src\BlackCat.Graphic.DirectX11\GraphicImp\Shader\Parameter\bcShaderParameterLink.h">
      <Filter>GraphicImp\Shader\Parameter</Filter>
    </ClInclude>
    <ClInclude Include="..\..\Src\BlackCat.Graphic.DirectX11\GraphicImp\Resource\bcResourceBuilder.h">
      <Filter>GraphicImp\Resource</Filter>
    </ClInclude>
    <ClInclude Include="..\..\Src\BlackCat.Graphic.DirectX11\GraphicImp\Device\bcDeviceSwapBuffer.h">
      <Filter>GraphicImp\Device</Filter>
    </ClInclude>
    <ClInclude Include="..\..\Src\BlackCat.Graphic.DirectX11\GraphicImp\Shader\Parameter\bcRenderTargetViewParameter.h">
      <Filter>GraphicImp\Shader\Parameter</Filter>
    </ClInclude>
    <ClInclude Include="..\..\Src\BlackCat.Graphic.DirectX11\GraphicImp\Font\bcSpriteFont.h">
      <Filter>GraphicImp\Font</Filter>
    </ClInclude>
    <ClInclude Include="..\..\Src\BlackCat.Graphic.DirectX11\GraphicImp\Font\bcSpriteBatch.h">
      <Filter>GraphicImp\Font</Filter>
    </ClInclude>
    <ClInclude Include="..\..\Src\BlackCat.Graphic.DirectX11\GraphicImp\Device\Query\bcDeviceOcclusionQuery.h">
      <Filter>GraphicImp\Device\Query</Filter>
    </ClInclude>
    <ClInclude Include="..\..\Src\BlackCat.Graphic.DirectX11\GraphicImp\Device\Query\bcDeviceTimeStampQuery.h">
      <Filter>GraphicImp\Device\Query</Filter>
    </ClInclude>
    <ClInclude Include="..\..\Src\BlackCat.Graphic.DirectX11\GraphicImp\Device\Query\bcDeviceClockQuery.h">
      <Filter>GraphicImp\Device\Query</Filter>
    </ClInclude>
  </ItemGroup>
</Project>