<?xml version="1.0" encoding="utf-8"?>
<Project ToolsVersion="4.0" xmlns="http://schemas.microsoft.com/developer/msbuild/2003">
  <ItemGroup>
    <Filter Include="Game">
      <UniqueIdentifier>{079e0610-6bfb-4ecb-853c-bfb46a32479a}</UniqueIdentifier>
    </Filter>
    <Filter Include="Game\Object">
      <UniqueIdentifier>{0bcf3d8c-33d6-4fb1-a5af-7d5e734a6e10}</UniqueIdentifier>
    </Filter>
    <Filter Include="Game\System">
      <UniqueIdentifier>{a79d60e9-94c5-433e-b088-bd11f872e345}</UniqueIdentifier>
    </Filter>
    <Filter Include="Game\Object\Mesh">
      <UniqueIdentifier>{da9d584e-66fe-42a0-b9c2-d26ae328eece}</UniqueIdentifier>
    </Filter>
    <Filter Include="Game\System\Render">
      <UniqueIdentifier>{77c9d19b-19e9-4367-b4c8-1023c8f193a5}</UniqueIdentifier>
    </Filter>
    <Filter Include="Game\System\Input">
      <UniqueIdentifier>{d6f401ea-1120-4600-9ff9-af392588d883}</UniqueIdentifier>
    </Filter>
    <Filter Include="Game\System\Script">
      <UniqueIdentifier>{3510ce94-bf32-46a7-83d3-f4f7bb770296}</UniqueIdentifier>
    </Filter>
    <Filter Include="Game\Application">
      <UniqueIdentifier>{a821cfc4-1d07-4dfa-8394-6ede76abbb14}</UniqueIdentifier>
    </Filter>
    <Filter Include="Game\Object\Scene">
      <UniqueIdentifier>{d00460ed-5e94-401e-8188-6f56a78bee13}</UniqueIdentifier>
    </Filter>
    <Filter Include="Game\Object\Scene\Component">
      <UniqueIdentifier>{0a7a922f-aa87-4dcf-9ddc-e3860dedaf0e}</UniqueIdentifier>
    </Filter>
    <Filter Include="Game\System\Physics">
      <UniqueIdentifier>{d81fe06f-709c-4da9-9aa1-bcaa29054821}</UniqueIdentifier>
    </Filter>
    <Filter Include="Game\Object\Scene\SceneGraph">
      <UniqueIdentifier>{57a57c24-c593-4f84-b2a5-7a1ad0ed5ee6}</UniqueIdentifier>
    </Filter>
    <Filter Include="Game\System\Render\State">
      <UniqueIdentifier>{1606374e-f37a-496a-8268-ebfb3f110714}</UniqueIdentifier>
    </Filter>
    <Filter Include="Game\System\Render\Pass">
      <UniqueIdentifier>{8d9e08fd-b4a0-446c-96b6-097d20694a20}</UniqueIdentifier>
    </Filter>
    <Filter Include="Game\System\Render\Light">
      <UniqueIdentifier>{3e48dad4-a25e-439a-a987-3f0c4c372a87}</UniqueIdentifier>
    </Filter>
    <Filter Include="Game\Object\Scene\ActorComponent">
      <UniqueIdentifier>{47ec6f99-94e4-4109-abf0-5cf5eb8779f6}</UniqueIdentifier>
    </Filter>
    <Filter Include="Game\Object\Scene\Component\Event">
      <UniqueIdentifier>{2e1f337a-a135-4f86-b9e1-a582deb039fe}</UniqueIdentifier>
    </Filter>
    <Filter Include="Game\Query">
      <UniqueIdentifier>{101cc54a-71fd-43ba-a16c-23d81b6728ab}</UniqueIdentifier>
    </Filter>
    <Filter Include="Game\System\Render\Particle">
      <UniqueIdentifier>{9c8133d3-9034-4fe9-a69e-82d71719f53c}</UniqueIdentifier>
    </Filter>
    <Filter Include="Game\Object\Animation">
      <UniqueIdentifier>{4dfe266a-e7f4-47b1-b23f-37e78d80f094}</UniqueIdentifier>
    </Filter>
    <Filter Include="Game\Object\Animation\Job">
      <UniqueIdentifier>{17a953fe-4d1e-4898-a583-1cfc4a5620ac}</UniqueIdentifier>
    </Filter>
    <Filter Include="Game\System\Render\Material">
      <UniqueIdentifier>{eb5b5ea3-f91f-49c7-8c6d-606925099bbd}</UniqueIdentifier>
    </Filter>
    <Filter Include="Game\System\Render\Decal">
      <UniqueIdentifier>{501c8fab-fde2-4cb1-964c-e1a91cfed0a7}</UniqueIdentifier>
    </Filter>
    <Filter Include="Game\Object\Scene\Bullet">
      <UniqueIdentifier>{74eb0cb2-057a-483c-9026-92f74a99d866}</UniqueIdentifier>
    </Filter>
    <Filter Include="Game\System\Network">
      <UniqueIdentifier>{0af08e12-f59c-4337-a134-c66ef03299fb}</UniqueIdentifier>
    </Filter>
    <Filter Include="Game\System\Network\Message">
      <UniqueIdentifier>{470e2d19-aa7d-4c5c-9a8b-6483fc31f355}</UniqueIdentifier>
    </Filter>
    <Filter Include="Game\System\Network\Client">
      <UniqueIdentifier>{e0213880-9289-4489-a888-f16925613b4d}</UniqueIdentifier>
    </Filter>
    <Filter Include="Game\System\Network\Server">
      <UniqueIdentifier>{fb38afb0-af60-401c-a8fd-5500c97a2d0c}</UniqueIdentifier>
    </Filter>
  </ItemGroup>
  <ItemGroup>
    <ClInclude Include="..\..\Src\BlackCat.Game\Game\Application\bcIRenderApplicationOutputWindow.h">
      <Filter>Game\Application</Filter>
    </ClInclude>
    <ClInclude Include="..\..\Src\BlackCat.Game\Game\Object\Scene\Component\bcHeightMapComponent.h">
      <Filter>Game\Object\Scene\Component</Filter>
    </ClInclude>
    <ClInclude Include="..\..\Src\BlackCat.Game\Game\Object\Scene\Component\bcHierarchyComponent.h">
      <Filter>Game\Object\Scene\Component</Filter>
    </ClInclude>
    <ClInclude Include="..\..\Src\BlackCat.Game\Game\Object\Scene\Component\bcMeshComponent.h">
      <Filter>Game\Object\Scene\Component</Filter>
    </ClInclude>
    <ClInclude Include="..\..\Src\BlackCat.Game\Game\Object\Scene\Component\bcRenderComponent.h">
      <Filter>Game\Object\Scene\Component</Filter>
    </ClInclude>
    <ClInclude Include="..\..\Src\BlackCat.Game\Game\Object\Scene\Component\bcRigidBodyComponent.h">
      <Filter>Game\Object\Scene\Component</Filter>
    </ClInclude>
    <ClInclude Include="..\..\Src\BlackCat.Game\Game\Object\Scene\Component\bcRigidDynamicComponent.h">
      <Filter>Game\Object\Scene\Component</Filter>
    </ClInclude>
    <ClInclude Include="..\..\Src\BlackCat.Game\Game\Object\Scene\Component\bcRigidStaticComponent.h">
      <Filter>Game\Object\Scene\Component</Filter>
    </ClInclude>
    <ClInclude Include="..\..\Src\BlackCat.Game\Game\Object\Scene\bcEntityManager.h">
      <Filter>Game\Object\Scene</Filter>
    </ClInclude>
    <ClInclude Include="..\..\Src\BlackCat.Game\Game\Object\Scene\bcScene.h">
      <Filter>Game\Object\Scene</Filter>
    </ClInclude>
    <ClInclude Include="..\..\Src\BlackCat.Game\Game\System\Physics\bcPhysicsSystem.h">
      <Filter>Game\System\Physics</Filter>
    </ClInclude>
    <ClInclude Include="..\..\Src\BlackCat.Game\Game\System\Physics\bcPxWrap.h">
      <Filter>Game\System\Physics</Filter>
    </ClInclude>
    <ClInclude Include="..\..\Src\BlackCat.Game\Game\System\Input\bcCamera.h">
      <Filter>Game\System\Input</Filter>
    </ClInclude>
    <ClInclude Include="..\..\Src\BlackCat.Game\Game\System\Input\bcFileSystem.h">
      <Filter>Game\System\Input</Filter>
    </ClInclude>
    <ClInclude Include="..\..\Src\BlackCat.Game\Game\System\Input\bcFreeCamera.h">
      <Filter>Game\System\Input</Filter>
    </ClInclude>
    <ClInclude Include="..\..\Src\BlackCat.Game\Game\System\Input\bcInputSystem.h">
      <Filter>Game\System\Input</Filter>
    </ClInclude>
    <ClInclude Include="..\..\Src\BlackCat.Game\Game\System\Render\bcRenderInstance.h">
      <Filter>Game\System\Render</Filter>
    </ClInclude>
    <ClInclude Include="..\..\Src\BlackCat.Game\Game\System\Render\bcRenderSystem.h">
      <Filter>Game\System\Render</Filter>
    </ClInclude>
    <ClInclude Include="..\..\Src\BlackCat.Game\Game\System\Render\bcRenderSystemParameter.h">
      <Filter>Game\System\Render</Filter>
    </ClInclude>
    <ClInclude Include="..\..\Src\BlackCat.Game\Game\System\Render\bcRenderTask.h">
      <Filter>Game\System\Render</Filter>
    </ClInclude>
    <ClInclude Include="..\..\Src\BlackCat.Game\Game\System\Render\bcRenderThread.h">
      <Filter>Game\System\Render</Filter>
    </ClInclude>
    <ClInclude Include="..\..\Src\BlackCat.Game\Game\System\Render\bcRenderThreadManager.h">
      <Filter>Game\System\Render</Filter>
    </ClInclude>
    <ClInclude Include="..\..\Src\BlackCat.Game\Game\System\Script\bcDefaultGameConsole.h">
      <Filter>Game\System\Script</Filter>
    </ClInclude>
    <ClInclude Include="..\..\Src\BlackCat.Game\Game\System\Script\bcGameConsole.h">
      <Filter>Game\System\Script</Filter>
    </ClInclude>
    <ClInclude Include="..\..\Src\BlackCat.Game\Game\System\Script\bcScriptBinding.h">
      <Filter>Game\System\Script</Filter>
    </ClInclude>
    <ClInclude Include="..\..\Src\BlackCat.Game\Game\System\Script\bcScriptSystem.h">
      <Filter>Game\System\Script</Filter>
    </ClInclude>
    <ClInclude Include="..\..\Src\BlackCat.Game\Game\System\bcGameSystem.h">
      <Filter>Game\System</Filter>
    </ClInclude>
    <ClInclude Include="..\..\Src\BlackCat.Game\Game\bcException.h">
      <Filter>Game</Filter>
    </ClInclude>
    <ClInclude Include="..\..\Src\BlackCat.Game\Game\bcExport.h">
      <Filter>Game</Filter>
    </ClInclude>
    <ClInclude Include="..\..\Src\BlackCat.Game\Game\GamePCH.h">
      <Filter>Game</Filter>
    </ClInclude>
    <ClInclude Include="..\..\Src\BlackCat.Game\Game\Application\bcRenderApplication.h">
      <Filter>Game\Application</Filter>
    </ClInclude>
    <ClInclude Include="..\..\Src\BlackCat.Game\Game\Object\Mesh\bcHeightMap.h">
      <Filter>Game\Object\Mesh</Filter>
    </ClInclude>
    <ClInclude Include="..\..\Src\BlackCat.Game\Game\Object\Mesh\bcMesh.h">
      <Filter>Game\Object\Mesh</Filter>
    </ClInclude>
    <ClInclude Include="..\..\Src\BlackCat.Game\Game\Object\Mesh\bcMeshCollider.h">
      <Filter>Game\Object\Mesh</Filter>
    </ClInclude>
    <ClInclude Include="..\..\Src\BlackCat.Game\Game\Object\Mesh\bcSubMesh.h">
      <Filter>Game\Object\Mesh</Filter>
    </ClInclude>
    <ClInclude Include="..\..\Src\BlackCat.Game\Game\Object\Scene\SceneGraph\bcSceneGraphNode.h">
      <Filter>Game\Object\Scene\SceneGraph</Filter>
    </ClInclude>
    <ClInclude Include="..\..\Src\BlackCat.Game\Game\Object\Scene\SceneGraph\bcScenceGraph.h">
      <Filter>Game\Object\Scene\SceneGraph</Filter>
    </ClInclude>
    <ClInclude Include="..\..\Src\BlackCat.Game\Game\System\Physics\bcPhysicsShapeUtility.h">
      <Filter>Game\System\Physics</Filter>
    </ClInclude>
    <ClInclude Include="..\..\Src\BlackCat.Game\Game\Object\Mesh\bcShapeGenerator.h">
      <Filter>Game\Object\Mesh</Filter>
    </ClInclude>
    <ClInclude Include="..\..\Src\BlackCat.Game\Game\System\Render\bcShapeDrawer.h">
      <Filter>Game\System\Render</Filter>
    </ClInclude>
    <ClInclude Include="..\..\Src\BlackCat.Game\Game\Object\Scene\SceneGraph\bcOctalTreeSceneGraphNode.h">
      <Filter>Game\Object\Scene\SceneGraph</Filter>
    </ClInclude>
    <ClInclude Include="..\..\Src\BlackCat.Game\Game\Application\bcEngineApplicationParameter.h">
      <Filter>Game\Application</Filter>
    </ClInclude>
    <ClInclude Include="..\..\Src\BlackCat.Game\Game\Object\Scene\Component\bcMediateComponent.h">
      <Filter>Game\Object\Scene\Component</Filter>
    </ClInclude>
    <ClInclude Include="..\..\Src\BlackCat.Game\Game\System\Script\bcIGameConsoleImp.h">
      <Filter>Game\System\Script</Filter>
    </ClInclude>
    <ClInclude Include="..\..\Src\BlackCat.Game\Game\System\Input\bcCameraFrustum.h">
      <Filter>Game\System\Input</Filter>
    </ClInclude>
    <ClInclude Include="..\..\Src\BlackCat.Game\Game\Object\Scene\SceneGraph\bcSceneGraphBuffer.h">
      <Filter>Game\Object\Scene\SceneGraph</Filter>
    </ClInclude>
    <ClInclude Include="..\..\Src\BlackCat.Game\Game\System\Render\State\bcComputeState.h">
      <Filter>Game\System\Render\State</Filter>
    </ClInclude>
    <ClInclude Include="..\..\Src\BlackCat.Game\Game\System\Render\State\bcRenderState.h">
      <Filter>Game\System\Render\State</Filter>
    </ClInclude>
    <ClInclude Include="..\..\Src\BlackCat.Game\Game\System\Render\State\bcStateConfigs.h">
      <Filter>Game\System\Render\State</Filter>
    </ClInclude>
    <ClInclude Include="..\..\Src\BlackCat.Game\Game\System\Render\State\bcVertexLayout.h">
      <Filter>Game\System\Render\State</Filter>
    </ClInclude>
    <ClInclude Include="..\..\Src\BlackCat.Game\Game\System\Render\Pass\bcRenderPass.h">
      <Filter>Game\System\Render\Pass</Filter>
    </ClInclude>
    <ClInclude Include="..\..\Src\BlackCat.Game\Game\System\Render\Pass\bcRenderPassManager.h">
      <Filter>Game\System\Render\Pass</Filter>
    </ClInclude>
    <ClInclude Include="..\..\Src\BlackCat.Game\Game\System\Render\Light\bcDirectLight.h">
      <Filter>Game\System\Render\Light</Filter>
    </ClInclude>
    <ClInclude Include="..\..\Src\BlackCat.Game\Game\System\Render\Light\bcPointLight.h">
      <Filter>Game\System\Render\Light</Filter>
    </ClInclude>
    <ClInclude Include="..\..\Src\BlackCat.Game\Game\System\Render\Light\bcSpotLight.h">
      <Filter>Game\System\Render\Light</Filter>
    </ClInclude>
    <ClInclude Include="..\..\Src\BlackCat.Game\Game\System\Render\Light\bcLight.h">
      <Filter>Game\System\Render\Light</Filter>
    </ClInclude>
    <ClInclude Include="..\..\Src\BlackCat.Game\Game\System\Render\Light\bcLightManager.h">
      <Filter>Game\System\Render\Light</Filter>
    </ClInclude>
    <ClInclude Include="..\..\Src\BlackCat.Game\Game\Object\Scene\Component\bcLightComponent.h">
      <Filter>Game\Object\Scene\Component</Filter>
    </ClInclude>
    <ClInclude Include="..\..\Src\BlackCat.Game\Game\bcConstant.h">
      <Filter>Game</Filter>
    </ClInclude>
    <ClInclude Include="..\..\Src\BlackCat.Game\Game\Object\Scene\Component\bcVegetableMeshComponent.h">
      <Filter>Game\Object\Scene\Component</Filter>
    </ClInclude>
    <ClInclude Include="..\..\Src\BlackCat.Game\Game\Object\Scene\Component\bcSimpleMeshComponent.h">
      <Filter>Game\Object\Scene\Component</Filter>
    </ClInclude>
    <ClInclude Include="..\..\Src\BlackCat.Game\Game\Object\Scene\ActorComponent\bcActor.h">
      <Filter>Game\Object\Scene\ActorComponent</Filter>
    </ClInclude>
    <ClInclude Include="..\..\Src\BlackCat.Game\Game\Object\Scene\ActorComponent\bcActor.hpp">
      <Filter>Game\Object\Scene\ActorComponent</Filter>
    </ClInclude>
    <ClInclude Include="..\..\Src\BlackCat.Game\Game\Object\Scene\ActorComponent\bcActorComponent.h">
      <Filter>Game\Object\Scene\ActorComponent</Filter>
    </ClInclude>
    <ClInclude Include="..\..\Src\BlackCat.Game\Game\Object\Scene\ActorComponent\bcActorComponentContainer.h">
      <Filter>Game\Object\Scene\ActorComponent</Filter>
    </ClInclude>
    <ClInclude Include="..\..\Src\BlackCat.Game\Game\Object\Scene\ActorComponent\bcActorComponentManager.h">
      <Filter>Game\Object\Scene\ActorComponent</Filter>
    </ClInclude>
    <ClInclude Include="..\..\Src\BlackCat.Game\Game\Object\Scene\ActorComponent\bcActorEvent.h">
      <Filter>Game\Object\Scene\ActorComponent</Filter>
    </ClInclude>
    <ClInclude Include="..\..\Src\BlackCat.Game\Game\System\Render\bcFrameRenderer.h">
      <Filter>Game\System\Render</Filter>
    </ClInclude>
    <ClInclude Include="..\..\Src\BlackCat.Game\Game\System\Render\bcRenderStateBuffer.h">
      <Filter>Game\System\Render</Filter>
    </ClInclude>
    <ClInclude Include="..\..\Src\BlackCat.Game\Game\System\Input\bcCameraInstance.h">
      <Filter>Game\System\Input</Filter>
    </ClInclude>
    <ClInclude Include="..\..\Src\BlackCat.Game\Game\Query\bcQueryContext.h">
      <Filter>Game\Query</Filter>
    </ClInclude>
    <ClInclude Include="..\..\Src\BlackCat.Game\Game\Query\bcSceneGraphQuery.h">
      <Filter>Game\Query</Filter>
    </ClInclude>
    <ClInclude Include="..\..\Src\BlackCat.Game\Game\Query\bcSceneGraphRenderStateQuery.h">
      <Filter>Game\Query</Filter>
    </ClInclude>
    <ClInclude Include="..\..\Src\BlackCat.Game\Game\Query\bcMainCameraRenderStateQuery.h">
      <Filter>Game\Query</Filter>
    </ClInclude>
    <ClInclude Include="..\..\Src\BlackCat.Game\Game\Query\bcHeightMapSceneQuery.h">
      <Filter>Game\Query</Filter>
    </ClInclude>
    <ClInclude Include="..\..\Src\BlackCat.Game\Game\Query\bcSceneLightQuery.h">
      <Filter>Game\Query</Filter>
    </ClInclude>
    <ClInclude Include="..\..\Src\BlackCat.Game\Game\System\Render\Light\bcLightIteratorBuffer.h">
      <Filter>Game\System\Render\Light</Filter>
    </ClInclude>
    <ClInclude Include="..\..\Src\BlackCat.Game\Game\System\Render\Light\bcLightInstance.h">
      <Filter>Game\System\Render\Light</Filter>
    </ClInclude>
    <ClInclude Include="..\..\Src\BlackCat.Game\Game\System\Render\Particle\bcParticleManager.h">
      <Filter>Game\System\Render\Particle</Filter>
    </ClInclude>
    <ClInclude Include="..\..\Src\BlackCat.Game\Game\System\Render\Particle\bcParticleBuilder.h">
      <Filter>Game\System\Render\Particle</Filter>
    </ClInclude>
    <ClInclude Include="..\..\Src\BlackCat.Game\Game\System\Render\Particle\bcParticleEmitter.h">
      <Filter>Game\System\Render\Particle</Filter>
    </ClInclude>
    <ClInclude Include="..\..\Src\BlackCat.Game\Game\System\Render\State\bcRenderPassState.h">
      <Filter>Game\System\Render\State</Filter>
    </ClInclude>
    <ClInclude Include="..\..\Src\BlackCat.Game\Game\System\Render\bcDefaultRenderThread.h">
      <Filter>Game\System\Render</Filter>
    </ClInclude>
    <ClInclude Include="..\..\Src\BlackCat.Game\Game\Object\Scene\Component\bcWindComponent.h">
      <Filter>Game\Object\Scene\Component</Filter>
    </ClInclude>
    <ClInclude Include="..\..\Src\BlackCat.Game\Game\Query\bcSceneWindQuery.h">
      <Filter>Game\Query</Filter>
    </ClInclude>
    <ClInclude Include="..\..\Src\BlackCat.Game\Game\Object\Scene\ActorComponent\bcActorController.h">
      <Filter>Game\Object\Scene\ActorComponent</Filter>
    </ClInclude>
    <ClInclude Include="..\..\Src\BlackCat.Game\Game\Object\Scene\Component\bcParticleEmitterComponent.h">
      <Filter>Game\Object\Scene\Component</Filter>
    </ClInclude>
    <ClInclude Include="..\..\Src\BlackCat.Game\Game\System\Input\bcConfigFile.h">
      <Filter>Game\System\Input</Filter>
    </ClInclude>
    <ClInclude Include="..\..\Src\BlackCat.Game\Game\Object\Animation\bcSkinnedAnimation.h">
      <Filter>Game\Object\Animation</Filter>
    </ClInclude>
    <ClInclude Include="..\..\Src\BlackCat.Game\Game\Object\Animation\bcSkeletonAnimation.h">
      <Filter>Game\Object\Animation</Filter>
    </ClInclude>
    <ClInclude Include="..\..\Src\BlackCat.Game\Game\Object\Animation\bcAnimationSkeleton.h">
      <Filter>Game\Object\Animation</Filter>
    </ClInclude>
    <ClInclude Include="..\..\Src\BlackCat.Game\Game\Object\Animation\bcAnimationJob.h">
      <Filter>Game\Object\Animation</Filter>
    </ClInclude>
    <ClInclude Include="..\..\Src\BlackCat.Game\Game\Object\Animation\bcAnimationJobBuilder.h">
      <Filter>Game\Object\Animation</Filter>
    </ClInclude>
    <ClInclude Include="..\..\Src\BlackCat.Game\Game\Object\Animation\bcAnimationLocalTransform.h">
      <Filter>Game\Object\Animation</Filter>
    </ClInclude>
    <ClInclude Include="..\..\Src\BlackCat.Game\Game\Object\Scene\Component\bcSkinnedMeshComponent.h">
      <Filter>Game\Object\Scene\Component</Filter>
    </ClInclude>
    <ClInclude Include="..\..\Src\BlackCat.Game\Game\bcUtility.h">
      <Filter>Game</Filter>
    </ClInclude>
    <ClInclude Include="..\..\Src\BlackCat.Game\Game\Object\Mesh\bcSubMeshTransform.h">
      <Filter>Game\Object\Mesh</Filter>
    </ClInclude>
    <ClInclude Include="..\..\Src\BlackCat.Game\Game\Object\Mesh\bcMeshBuilder.h">
      <Filter>Game\Object\Mesh</Filter>
    </ClInclude>
    <ClInclude Include="..\..\Src\BlackCat.Game\Game\Object\Mesh\bcMeshNode.h">
      <Filter>Game\Object\Mesh</Filter>
    </ClInclude>
    <ClInclude Include="..\..\Src\BlackCat.Game\Game\Object\Mesh\bcMeshUtility.h">
      <Filter>Game\Object\Mesh</Filter>
    </ClInclude>
    <ClInclude Include="..\..\Src\BlackCat.Game\Game\Object\Mesh\bcMeshLevelOfDetail.h">
      <Filter>Game\Object\Mesh</Filter>
    </ClInclude>
    <ClInclude Include="..\..\Src\BlackCat.Game\Game\Object\Mesh\bcSkinnedMeshCollider.h">
      <Filter>Game\Object\Mesh</Filter>
    </ClInclude>
    <ClInclude Include="..\..\Src\BlackCat.Game\Game\Object\Animation\Job\bcSequenceAnimationJob.h">
      <Filter>Game\Object\Animation\Job</Filter>
    </ClInclude>
    <ClInclude Include="..\..\Src\BlackCat.Game\Game\Object\Animation\Job\bcSamplingAnimationJob.h">
      <Filter>Game\Object\Animation\Job</Filter>
    </ClInclude>
    <ClInclude Include="..\..\Src\BlackCat.Game\Game\Object\Animation\Job\bcMeshColliderSkinningAnimationJob.h">
      <Filter>Game\Object\Animation\Job</Filter>
    </ClInclude>
    <ClInclude Include="..\..\Src\BlackCat.Game\Game\Object\Animation\Job\bcLocalTransformAnimationJob.h">
      <Filter>Game\Object\Animation\Job</Filter>
    </ClInclude>
    <ClInclude Include="..\..\Src\BlackCat.Game\Game\System\Render\Material\bcMaterialManager.h">
      <Filter>Game\System\Render\Material</Filter>
    </ClInclude>
    <ClInclude Include="..\..\Src\BlackCat.Game\Game\System\Render\Material\bcMeshMaterial.h">
      <Filter>Game\System\Render\Material</Filter>
    </ClInclude>
    <ClInclude Include="..\..\Src\BlackCat.Game\Game\System\Render\Material\bcColliderMaterial.h">
      <Filter>Game\System\Render\Material</Filter>
    </ClInclude>
    <ClInclude Include="..\..\Src\BlackCat.Game\Game\Object\Mesh\bcMeshRenderState.h">
      <Filter>Game\Object\Mesh</Filter>
    </ClInclude>
    <ClInclude Include="..\..\Src\BlackCat.Game\Game\System\Physics\bcPxShapeData.h">
      <Filter>Game\System\Physics</Filter>
    </ClInclude>
    <ClInclude Include="..\..\Src\BlackCat.Game\Game\Query\bcSceneQuery.h">
      <Filter>Game\Query</Filter>
    </ClInclude>
    <ClInclude Include="..\..\Src\BlackCat.Game\Game\System\Render\Decal\bcDecalManager.h">
      <Filter>Game\System\Render\Decal</Filter>
    </ClInclude>
    <ClInclude Include="..\..\Src\BlackCat.Game\Game\System\Render\Decal\bcDecal.h">
      <Filter>Game\System\Render\Decal</Filter>
    </ClInclude>
    <ClInclude Include="..\..\Src\BlackCat.Game\Game\System\Input\bcGlobalConfig.h">
      <Filter>Game\System\Input</Filter>
    </ClInclude>
    <ClInclude Include="..\..\Src\BlackCat.Game\Game\System\Render\Decal\bcDecalInstance.h">
      <Filter>Game\System\Render\Decal</Filter>
    </ClInclude>
    <ClInclude Include="..\..\Src\BlackCat.Game\Game\Object\Scene\Component\Event\bcAddedToSceneActorEvent.h">
      <Filter>Game\Object\Scene\Component\Event</Filter>
    </ClInclude>
    <ClInclude Include="..\..\Src\BlackCat.Game\Game\Object\Scene\Component\Event\bcBoundBoxChangedActorEvent.h">
      <Filter>Game\Object\Scene\Component\Event</Filter>
    </ClInclude>
    <ClInclude Include="..\..\Src\BlackCat.Game\Game\Object\Scene\Component\Event\bcHierarchyTransformActorEvent.h">
      <Filter>Game\Object\Scene\Component\Event</Filter>
    </ClInclude>
    <ClInclude Include="..\..\Src\BlackCat.Game\Game\Object\Scene\Component\Event\bcRemovedFromSceneActorEvent.h">
      <Filter>Game\Object\Scene\Component\Event</Filter>
    </ClInclude>
    <ClInclude Include="..\..\Src\BlackCat.Game\Game\Object\Scene\Component\Event\bcWorldTransformActorEvent.h">
      <Filter>Game\Object\Scene\Component\Event</Filter>
    </ClInclude>
    <ClInclude Include="..\..\Src\BlackCat.Game\Game\Object\Scene\Component\Event\bcRemoveDecalActorEvent.h">
      <Filter>Game\Object\Scene\Component\Event</Filter>
    </ClInclude>
    <ClInclude Include="..\..\Src\BlackCat.Game\Game\Object\Scene\Component\bcDecalComponent.h">
      <Filter>Game\Object\Scene\Component</Filter>
    </ClInclude>
    <ClInclude Include="..\..\Src\BlackCat.Game\Game\Object\Scene\ActorComponent\bcActorGroup.h">
      <Filter>Game\Object\Scene\ActorComponent</Filter>
    </ClInclude>
    <ClInclude Include="..\..\Src\BlackCat.Game\Game\Object\Scene\Component\bcDecalResolverComponent.h">
      <Filter>Game\Object\Scene\Component</Filter>
    </ClInclude>
    <ClInclude Include="..\..\Src\BlackCat.Game\Game\System\Input\bcChasingCamera.h">
      <Filter>Game\System\Input</Filter>
    </ClInclude>
    <ClInclude Include="..\..\Src\BlackCat.Game\Game\Object\Animation\Job\bcBlendingAnimationJob.h">
      <Filter>Game\Object\Animation\Job</Filter>
    </ClInclude>
    <ClInclude Include="..\..\Src\BlackCat.Game\Game\Object\Animation\Job\bcPartialBlendingAnimationJob.h">
      <Filter>Game\Object\Animation\Job</Filter>
    </ClInclude>
    <ClInclude Include="..\..\Src\BlackCat.Game\Game\Object\Animation\Job\bcLocalToModelAnimationJob.h">
      <Filter>Game\Object\Animation\Job</Filter>
    </ClInclude>
    <ClInclude Include="..\..\Src\BlackCat.Game\Game\Object\Animation\Job\bcActorUpdateAnimationJob.h">
      <Filter>Game\Object\Animation\Job</Filter>
    </ClInclude>
    <ClInclude Include="..\..\Src\BlackCat.Game\Game\Object\Animation\bcAnimationJobHelper.h">
      <Filter>Game\Object\Animation</Filter>
    </ClInclude>
    <ClInclude Include="..\..\Src\BlackCat.Game\Game\Object\Animation\Job\bcAimAnimationJob.h">
      <Filter>Game\Object\Animation\Job</Filter>
    </ClInclude>
    <ClInclude Include="..\..\Src\BlackCat.Game\Game\System\Physics\bcPhysicsSimulationCallback.h">
      <Filter>Game\System\Physics</Filter>
    </ClInclude>
    <ClInclude Include="..\..\Src\BlackCat.Game\Game\Object\Scene\Component\bcWeaponComponent.h">
      <Filter>Game\Object\Scene\Component</Filter>
    </ClInclude>
    <ClInclude Include="..\..\Src\BlackCat.Game\Game\Object\Animation\Job\bcTwoBoneIKAnimationJob.h">
      <Filter>Game\Object\Animation\Job</Filter>
    </ClInclude>
    <ClInclude Include="..\..\Src\BlackCat.Game\Game\Object\Animation\Job\bcAdditiveBlendingAnimationJob.h">
      <Filter>Game\Object\Animation\Job</Filter>
    </ClInclude>
    <ClInclude Include="..\..\Src\BlackCat.Game\Game\Object\Scene\Bullet\bcBullet.h">
      <Filter>Game\Object\Scene\Bullet</Filter>
    </ClInclude>
    <ClInclude Include="..\..\Src\BlackCat.Game\Game\Object\Scene\Bullet\bcBulletManager.h">
      <Filter>Game\Object\Scene\Bullet</Filter>
    </ClInclude>
    <ClInclude Include="..\..\Src\BlackCat.Game\Game\Object\Scene\Component\Event\bcBulletHitActorEvent.h">
      <Filter>Game\Object\Scene\Component\Event</Filter>
    </ClInclude>
    <ClInclude Include="..\..\Src\BlackCat.Game\Game\System\Render\Decal\bcDecalIteratorBuffer.h">
      <Filter>Game\System\Render\Decal</Filter>
    </ClInclude>
    <ClInclude Include="..\..\Src\BlackCat.Game\Game\Query\bcSceneDecalQuery.h">
      <Filter>Game\Query</Filter>
    </ClInclude>
    <ClInclude Include="..\..\Src\BlackCat.Game\Game\Object\Scene\Component\bcRigidControllerComponent.h">
      <Filter>Game\Object\Scene\Component</Filter>
    </ClInclude>
    <ClInclude Include="..\..\Src\BlackCat.Game\Game\bcEvent.h">
      <Filter>Game</Filter>
    </ClInclude>
    <ClInclude Include="..\..\Src\BlackCat.Game\Game\Object\Scene\bcSceneCheckPoint.h">
      <Filter>Game\Object\Scene</Filter>
    </ClInclude>
    <ClInclude Include="..\..\Src\BlackCat.Game\Game\Query\bcMainCameraSceneLightSharedQuery.h">
      <Filter>Game\Query</Filter>
    </ClInclude>
    <ClInclude Include="..\..\Src\BlackCat.Game\Game\Query\bcMainCameraSceneSharedQuery.h">
      <Filter>Game\Query</Filter>
    </ClInclude>
    <ClInclude Include="..\..\Src\BlackCat.Game\Game\Query\bcMainCameraSceneLightQuery.h">
      <Filter>Game\Query</Filter>
    </ClInclude>
    <ClInclude Include="..\..\Src\BlackCat.Game\Game\System\Render\Light\bcLightFlare.h">
      <Filter>Game\System\Render\Light</Filter>
    </ClInclude>
    <ClInclude Include="..\..\Src\BlackCat.Game\Game\Query\bcSceneParticleEmitterQuery.h">
      <Filter>Game\Query</Filter>
    </ClInclude>
    <ClInclude Include="..\..\Src\BlackCat.Game\Game\System\Network\bcNetworkSystem.h">
      <Filter>Game\System\Network</Filter>
    </ClInclude>
    <ClInclude Include="..\..\Src\BlackCat.Game\Game\Object\Scene\Component\bcNetworkComponent.h">
      <Filter>Game\Object\Scene\Component</Filter>
    </ClInclude>
    <ClInclude Include="..\..\Src\BlackCat.Game\Game\System\Network\bcNetworkManager.h">
      <Filter>Game\System\Network</Filter>
    </ClInclude>
    <ClInclude Include="..\..\Src\BlackCat.Game\Game\System\Network\Message\bcNetworkMessage.h">
      <Filter>Game\System\Network\Message</Filter>
    </ClInclude>
    <ClInclude Include="..\..\Src\BlackCat.Game\Game\System\Network\Message\bcActorSyncNetworkMessage.h">
      <Filter>Game\System\Network\Message</Filter>
    </ClInclude>
    <ClInclude Include="..\..\Src\BlackCat.Game\Game\System\Network\Message\bcActorReplicateNetworkMessage.h">
      <Filter>Game\System\Network\Message</Filter>
    </ClInclude>
    <ClInclude Include="..\..\Src\BlackCat.Game\Game\System\Network\Message\bcActorRemoveNetworkMessage.h">
      <Filter>Game\System\Network\Message</Filter>
    </ClInclude>
    <ClInclude Include="..\..\Src\BlackCat.Game\Game\System\Network\Message\bcAcknowledgeNetworkMessage.h">
      <Filter>Game\System\Network\Message</Filter>
    </ClInclude>
    <ClInclude Include="..\..\Src\BlackCat.Game\Game\System\Network\Client\bcClientSocketStateMachine.h">
      <Filter>Game\System\Network\Client</Filter>
    </ClInclude>
    <ClInclude Include="..\..\Src\BlackCat.Game\Game\System\Network\Client\bcNetworkClientManager.h">
      <Filter>Game\System\Network\Client</Filter>
    </ClInclude>
    <ClInclude Include="..\..\Src\BlackCat.Game\Game\System\Network\Client\bcNetworkClientManagerHook.h">
      <Filter>Game\System\Network\Client</Filter>
    </ClInclude>
    <ClInclude Include="..\..\Src\BlackCat.Game\Game\System\Network\Server\bcNetworkServerManager.h">
      <Filter>Game\System\Network\Server</Filter>
    </ClInclude>
    <ClInclude Include="..\..\Src\BlackCat.Game\Game\System\Network\Server\bcNetworkServerManagerHook.h">
      <Filter>Game\System\Network\Server</Filter>
    </ClInclude>
    <ClInclude Include="..\..\Src\BlackCat.Game\Game\Object\Scene\ActorComponent\bcActorComponentContainer.hpp">
      <Filter>Game\Object\Scene\ActorComponent</Filter>
    </ClInclude>
    <ClInclude Include="..\..\Src\BlackCat.Game\Game\System\Script\bcGameConsoleScript.h">
      <Filter>Game\System\Script</Filter>
    </ClInclude>
    <ClInclude Include="..\..\Src\BlackCat.Game\Game\System\Network\Message\bcStringNetworkMessage.h">
      <Filter>Game\System\Network\Message</Filter>
    </ClInclude>
    <ClInclude Include="..\..\Src\BlackCat.Game\Game\System\Network\Message\bcClientConnectNetworkMessage.h">
      <Filter>Game\System\Network\Message</Filter>
    </ClInclude>
    <ClInclude Include="..\..\Src\BlackCat.Game\Game\System\Network\Server\bcServerTcpSocketStateMachine.h">
      <Filter>Game\System\Network\Server</Filter>
    </ClInclude>
    <ClInclude Include="..\..\Src\BlackCat.Game\Game\System\Network\Server\bcServerTcpClientSocketStateMachine.h">
      <Filter>Game\System\Network\Server</Filter>
    </ClInclude>
    <ClInclude Include="..\..\Src\BlackCat.Game\Game\System\Network\Server\bcServerSocketStateMachine.h">
      <Filter>Game\System\Network\Server</Filter>
    </ClInclude>
    <ClInclude Include="..\..\Src\BlackCat.Game\Game\System\Network\Server\bcNetworkServerManagerTcpClient.h">
      <Filter>Game\System\Network\Server</Filter>
    </ClInclude>
    <ClInclude Include="..\..\Src\BlackCat.Game\Game\System\Network\Server\bcNetworkServerManagerClient.h">
      <Filter>Game\System\Network\Server</Filter>
    </ClInclude>
    <ClInclude Include="..\..\Src\BlackCat.Game\Game\System\Network\Message\bcSceneChangeNetworkMessage.h">
      <Filter>Game\System\Network\Message</Filter>
    </ClInclude>
    <ClInclude Include="..\..\Src\BlackCat.Game\Game\System\Network\Message\bcSceneReplicateNetworkMessage.h">
      <Filter>Game\System\Network\Message</Filter>
    </ClInclude>
    <ClInclude Include="..\..\Src\BlackCat.Game\Game\System\Network\bcNetworkMessageVisitor.h">
      <Filter>Game\System\Network</Filter>
    </ClInclude>
    <ClInclude Include="..\..\Src\BlackCat.Game\Game\Object\Scene\Component\Event\bcNetworkReplicateActorEvent.h">
      <Filter>Game\Object\Scene\Component\Event</Filter>
    </ClInclude>
    <ClInclude Include="..\..\Src\BlackCat.Game\Game\System\Network\bcNetworkDefinitions.h">
      <Filter>Game\System\Network</Filter>
    </ClInclude>
    <ClInclude Include="..\..\Src\BlackCat.Game\Game\System\Network\bcNetworkMessageSerializationBuffer.h">
      <Filter>Game\System\Network</Filter>
    </ClInclude>
    <ClInclude Include="..\..\Src\BlackCat.Game\Game\System\Network\bcNetworkMessageAcknowledgeBuffer.h">
      <Filter>Game\System\Network</Filter>
    </ClInclude>
    <ClInclude Include="..\..\Src\BlackCat.Game\Game\Object\Scene\ActorComponent\bcActorNetworkController.h">
      <Filter>Game\Object\Scene\ActorComponent</Filter>
    </ClInclude>
    <ClInclude Include="..\..\Src\BlackCat.Game\Game\System\Input\bcFileLogger.h">
      <Filter>Game\System\Input</Filter>
    </ClInclude>
    <ClInclude Include="..\..\Src\BlackCat.Game\Game\Object\Scene\Component\Event\bcRigidDynamicSleepActorEvent.h">
      <Filter>Game\Object\Scene\Component\Event</Filter>
    </ClInclude>
    <ClInclude Include="..\..\Src\BlackCat.Game\Game\System\Network\Message\bcPingNetworkMessage.h">
      <Filter>Game\System\Network\Message</Filter>
    </ClInclude>
    <ClInclude Include="..\..\Src\BlackCat.Game\Game\Object\Animation\bcAnimationManager.h">
      <Filter>Game\Object\Animation</Filter>
    </ClInclude>
    <ClInclude Include="..\..\Src\BlackCat.Game\Game\Object\Animation\Job\bcExecuteOnceAnimationJob.h">
      <Filter>Game\Object\Animation\Job</Filter>
    </ClInclude>
    <ClInclude Include="..\..\Src\BlackCat.Game\Game\Object\Animation\Job\bcExecuteOneAnimationJob.h">
      <Filter>Game\Object\Animation\Job</Filter>
    </ClInclude>
    <ClInclude Include="..\..\Src\BlackCat.Game\Game\Object\Animation\Job\bcTagAnimationJob.h">
      <Filter>Game\Object\Animation\Job</Filter>
    </ClInclude>
    <ClInclude Include="..\..\Src\BlackCat.Game\Game\Object\Mesh\bcMeshColliderBuilder.h">
      <Filter>Game\Object\Mesh</Filter>
    </ClInclude>
    <ClInclude Include="..\..\Src\BlackCat.Game\Game\Object\Scene\Component\bcHumanRagdollComponent.h">
      <Filter>Game\Object\Scene\Component</Filter>
    </ClInclude>
    <ClInclude Include="..\..\Src\BlackCat.Game\Game\Object\Animation\Job\bcRagdollSkinningAnimationJob.h">
      <Filter>Game\Object\Animation\Job</Filter>
    </ClInclude>
    <ClInclude Include="..\..\Src\BlackCat.Game\Game\Object\Animation\Job\bcModelToSkinningAnimationJob.h">
      <Filter>Game\Object\Animation\Job</Filter>
    </ClInclude>
    <ClInclude Include="..\..\Src\BlackCat.Game\Game\Object\Animation\Job\bcSkinningTransformAnimationJob.h">
      <Filter>Game\Object\Animation\Job</Filter>
    </ClInclude>
    <ClInclude Include="..\..\Src\BlackCat.Game\Game\System\Render\Pass\bcIntermediateTextureManager.h">
      <Filter>Game\System\Render\Pass</Filter>
    </ClInclude>
    <ClInclude Include="..\..\Src\BlackCat.Game\Game\System\Render\Pass\bcRenderPassResourceManager.h">
      <Filter>Game\System\Render\Pass</Filter>
    </ClInclude>
    <ClInclude Include="..\..\Src\BlackCat.Game\Game\Object\Scene\Component\Event\bcExplosionActorEvent.h">
      <Filter>Game\Object\Scene\Component\Event</Filter>
    </ClInclude>
    <ClInclude Include="..\..\Src\BlackCat.Game\Game\bcJsonParse.h">
      <Filter>Game</Filter>
    </ClInclude>
    <ClInclude Include="..\..\Src\BlackCat.Game\Game\System\Network\Server\bcNetworkClient.h">
      <Filter>Game\System\Network\Server</Filter>
    </ClInclude>
    <ClInclude Include="..\..\Src\BlackCat.Game\Game\Object\Scene\Component\bcIconComponent.h">
      <Filter>Game\Object\Scene\Component</Filter>
    </ClInclude>
    <ClInclude Include="..\..\Src\BlackCat.Game\Game\Query\bcMainCameraSceneIconQuery.h">
      <Filter>Game\Query</Filter>
    </ClInclude>
  </ItemGroup>
  <ItemGroup>
    <ClCompile Include="..\..\Src\BlackCat.Game\Game\Application\bcRenderApplication.cpp">
      <Filter>Game\Application</Filter>
    </ClCompile>
    <ClCompile Include="..\..\Src\BlackCat.Game\Game\Object\Scene\Component\bcHeightMapComponent.cpp">
      <Filter>Game\Object\Scene\Component</Filter>
    </ClCompile>
    <ClCompile Include="..\..\Src\BlackCat.Game\Game\Object\Scene\Component\bcHierarchyComponent.cpp">
      <Filter>Game\Object\Scene\Component</Filter>
    </ClCompile>
    <ClCompile Include="..\..\Src\BlackCat.Game\Game\Object\Scene\Component\bcMeshComponent.cpp">
      <Filter>Game\Object\Scene\Component</Filter>
    </ClCompile>
    <ClCompile Include="..\..\Src\BlackCat.Game\Game\Object\Scene\Component\bcRenderComponent.cpp">
      <Filter>Game\Object\Scene\Component</Filter>
    </ClCompile>
    <ClCompile Include="..\..\Src\BlackCat.Game\Game\Object\Scene\Component\bcRigidBodyComponent.cpp">
      <Filter>Game\Object\Scene\Component</Filter>
    </ClCompile>
    <ClCompile Include="..\..\Src\BlackCat.Game\Game\Object\Scene\Component\bcRigidDynamicComponent.cpp">
      <Filter>Game\Object\Scene\Component</Filter>
    </ClCompile>
    <ClCompile Include="..\..\Src\BlackCat.Game\Game\Object\Scene\Component\bcRigidStaticComponent.cpp">
      <Filter>Game\Object\Scene\Component</Filter>
    </ClCompile>
    <ClCompile Include="..\..\Src\BlackCat.Game\Game\Object\Scene\bcEntityManager.cpp">
      <Filter>Game\Object\Scene</Filter>
    </ClCompile>
    <ClCompile Include="..\..\Src\BlackCat.Game\Game\Object\Scene\bcScene.cpp">
      <Filter>Game\Object\Scene</Filter>
    </ClCompile>
    <ClCompile Include="..\..\Src\BlackCat.Game\Game\System\Physics\bcPhysicsSystem.cpp">
      <Filter>Game\System\Physics</Filter>
    </ClCompile>
    <ClCompile Include="..\..\Src\BlackCat.Game\Game\System\Input\bcCamera.cpp">
      <Filter>Game\System\Input</Filter>
    </ClCompile>
    <ClCompile Include="..\..\Src\BlackCat.Game\Game\System\Input\bcFileSystem.cpp">
      <Filter>Game\System\Input</Filter>
    </ClCompile>
    <ClCompile Include="..\..\Src\BlackCat.Game\Game\System\Input\bcFreeCamera.cpp">
      <Filter>Game\System\Input</Filter>
    </ClCompile>
    <ClCompile Include="..\..\Src\BlackCat.Game\Game\System\Render\bcRenderSystem.cpp">
      <Filter>Game\System\Render</Filter>
    </ClCompile>
    <ClCompile Include="..\..\Src\BlackCat.Game\Game\System\Render\bcRenderThread.cpp">
      <Filter>Game\System\Render</Filter>
    </ClCompile>
    <ClCompile Include="..\..\Src\BlackCat.Game\Game\System\Render\bcRenderThreadManager.cpp">
      <Filter>Game\System\Render</Filter>
    </ClCompile>
    <ClCompile Include="..\..\Src\BlackCat.Game\Game\System\Script\bcDefaultGameConsole.cpp">
      <Filter>Game\System\Script</Filter>
    </ClCompile>
    <ClCompile Include="..\..\Src\BlackCat.Game\Game\System\Script\bcGameConsole.cpp">
      <Filter>Game\System\Script</Filter>
    </ClCompile>
    <ClCompile Include="..\..\Src\BlackCat.Game\Game\System\Script\bcScriptSystem.cpp">
      <Filter>Game\System\Script</Filter>
    </ClCompile>
    <ClCompile Include="..\..\Src\BlackCat.Game\Game\GamePCH.cpp">
      <Filter>Game</Filter>
    </ClCompile>
    <ClCompile Include="..\..\Src\BlackCat.Game\Game\Object\Mesh\bcHeightMap.cpp">
      <Filter>Game\Object\Mesh</Filter>
    </ClCompile>
    <ClCompile Include="..\..\Src\BlackCat.Game\Game\Object\Mesh\bcMesh.cpp">
      <Filter>Game\Object\Mesh</Filter>
    </ClCompile>
    <ClCompile Include="..\..\Src\BlackCat.Game\Game\Object\Mesh\bcMeshCollider.cpp">
      <Filter>Game\Object\Mesh</Filter>
    </ClCompile>
    <ClCompile Include="..\..\Src\BlackCat.Game\Game\Object\Mesh\bcSubMesh.cpp">
      <Filter>Game\Object\Mesh</Filter>
    </ClCompile>
    <ClCompile Include="..\..\Src\BlackCat.Game\Game\Object\Scene\SceneGraph\bcScenceGraph.cpp">
      <Filter>Game\Object\Scene\SceneGraph</Filter>
    </ClCompile>
    <ClCompile Include="..\..\Src\BlackCat.Game\Game\System\bcGameSystem.cpp">
      <Filter>Game\System</Filter>
    </ClCompile>
    <ClCompile Include="..\..\Src\BlackCat.Game\Game\System\Physics\bcPhysicsShapeUtility.cpp">
      <Filter>Game\System\Physics</Filter>
    </ClCompile>
    <ClCompile Include="..\..\Src\BlackCat.Game\Game\Object\Mesh\bcShapeGenerator.cpp">
      <Filter>Game\Object\Mesh</Filter>
    </ClCompile>
    <ClCompile Include="..\..\Src\BlackCat.Game\Game\System\Render\bcShapeDrawer.cpp">
      <Filter>Game\System\Render</Filter>
    </ClCompile>
    <ClCompile Include="..\..\Src\BlackCat.Game\Game\Object\Scene\SceneGraph\bcOctalTreeSceneGraphNode.cpp">
      <Filter>Game\Object\Scene\SceneGraph</Filter>
    </ClCompile>
    <ClCompile Include="..\..\Src\BlackCat.Game\Game\Object\Scene\Component\bcMediateComponent.cpp">
      <Filter>Game\Object\Scene\Component</Filter>
    </ClCompile>
    <ClCompile Include="..\..\Src\BlackCat.Game\Game\System\Input\bcCameraFrustum.cpp">
      <Filter>Game\System\Input</Filter>
    </ClCompile>
    <ClCompile Include="..\..\Src\BlackCat.Game\Game\System\Render\State\bcComputeState.cpp">
      <Filter>Game\System\Render\State</Filter>
    </ClCompile>
    <ClCompile Include="..\..\Src\BlackCat.Game\Game\System\Render\State\bcRenderState.cpp">
      <Filter>Game\System\Render\State</Filter>
    </ClCompile>
    <ClCompile Include="..\..\Src\BlackCat.Game\Game\System\Render\State\bcStateConfigs.cpp">
      <Filter>Game\System\Render\State</Filter>
    </ClCompile>
    <ClCompile Include="..\..\Src\BlackCat.Game\Game\System\Render\Pass\bcRenderPassManager.cpp">
      <Filter>Game\System\Render\Pass</Filter>
    </ClCompile>
    <ClCompile Include="..\..\Src\BlackCat.Game\Game\System\Render\Light\bcLightManager.cpp">
      <Filter>Game\System\Render\Light</Filter>
    </ClCompile>
    <ClCompile Include="..\..\Src\BlackCat.Game\Game\Object\Scene\Component\bcLightComponent.cpp">
      <Filter>Game\Object\Scene\Component</Filter>
    </ClCompile>
    <ClCompile Include="..\..\Src\BlackCat.Game\Game\System\Render\Light\bcLight.cpp">
      <Filter>Game\System\Render\Light</Filter>
    </ClCompile>
    <ClCompile Include="..\..\Src\BlackCat.Game\Game\Object\Scene\Component\bcVegetableMeshComponent.cpp">
      <Filter>Game\Object\Scene\Component</Filter>
    </ClCompile>
    <ClCompile Include="..\..\Src\BlackCat.Game\Game\Object\Scene\Component\bcSimpleMeshComponent.cpp">
      <Filter>Game\Object\Scene\Component</Filter>
    </ClCompile>
    <ClCompile Include="..\..\Src\BlackCat.Game\Game\Object\Scene\ActorComponent\bcActorComponent.cpp">
      <Filter>Game\Object\Scene\ActorComponent</Filter>
    </ClCompile>
    <ClCompile Include="..\..\Src\BlackCat.Game\Game\System\Render\bcFrameRenderer.cpp">
      <Filter>Game\System\Render</Filter>
    </ClCompile>
    <ClCompile Include="..\..\Src\BlackCat.Game\Game\System\Render\bcRenderStateBuffer.cpp">
      <Filter>Game\System\Render</Filter>
    </ClCompile>
    <ClCompile Include="..\..\Src\BlackCat.Game\Game\System\Input\bcInputSystem.cpp">
      <Filter>Game\System\Input</Filter>
    </ClCompile>
    <ClCompile Include="..\..\Src\BlackCat.Game\Game\System\Render\Light\bcLightInstance.cpp">
      <Filter>Game\System\Render\Light</Filter>
    </ClCompile>
    <ClCompile Include="..\..\Src\BlackCat.Game\Game\System\Render\Particle\bcParticleBuilder.cpp">
      <Filter>Game\System\Render\Particle</Filter>
    </ClCompile>
    <ClCompile Include="..\..\Src\BlackCat.Game\Game\System\Render\Particle\bcParticleManager.cpp">
      <Filter>Game\System\Render\Particle</Filter>
    </ClCompile>
    <ClCompile Include="..\..\Src\BlackCat.Game\Game\System\Render\State\bcRenderPassState.cpp">
      <Filter>Game\System\Render\State</Filter>
    </ClCompile>
    <ClCompile Include="..\..\Src\BlackCat.Game\Game\System\Render\bcDefaultRenderThread.cpp">
      <Filter>Game\System\Render</Filter>
    </ClCompile>
    <ClCompile Include="..\..\Src\BlackCat.Game\Game\Object\Scene\Component\bcWindComponent.cpp">
      <Filter>Game\Object\Scene\Component</Filter>
    </ClCompile>
    <ClCompile Include="..\..\Src\BlackCat.Game\Game\System\Render\Particle\bcParticleEmitter.cpp">
      <Filter>Game\System\Render\Particle</Filter>
    </ClCompile>
    <ClCompile Include="..\..\Src\BlackCat.Game\Game\Object\Scene\Component\bcParticleEmitterComponent.cpp">
      <Filter>Game\Object\Scene\Component</Filter>
    </ClCompile>
    <ClCompile Include="..\..\Src\BlackCat.Game\Game\System\Input\bcConfigFile.cpp">
      <Filter>Game\System\Input</Filter>
    </ClCompile>
    <ClCompile Include="..\..\Src\BlackCat.Game\Game\Object\Scene\Component\bcSkinnedMeshComponent.cpp">
      <Filter>Game\Object\Scene\Component</Filter>
    </ClCompile>
    <ClCompile Include="..\..\Src\BlackCat.Game\Game\bcUtility.cpp">
      <Filter>Game</Filter>
    </ClCompile>
    <ClCompile Include="..\..\Src\BlackCat.Game\Game\Object\Animation\bcAnimationManager.cpp">
      <Filter>Game\Object\Animation</Filter>
    </ClCompile>
    <ClCompile Include="..\..\Src\BlackCat.Game\Game\Object\Mesh\bcMeshBuilder.cpp">
      <Filter>Game\Object\Mesh</Filter>
    </ClCompile>
    <ClCompile Include="..\..\Src\BlackCat.Game\Game\Object\Mesh\bcMeshUtility.cpp">
      <Filter>Game\Object\Mesh</Filter>
    </ClCompile>
    <ClCompile Include="..\..\Src\BlackCat.Game\Game\Object\Mesh\bcSkinnedMeshCollider.cpp">
      <Filter>Game\Object\Mesh</Filter>
    </ClCompile>
    <ClCompile Include="..\..\Src\BlackCat.Game\Game\Object\Mesh\bcMeshLevelOfDetail.cpp">
      <Filter>Game\Object\Mesh</Filter>
    </ClCompile>
    <ClCompile Include="..\..\Src\BlackCat.Game\Game\Object\Animation\Job\bcSamplingAnimationJob.cpp">
      <Filter>Game\Object\Animation\Job</Filter>
    </ClCompile>
    <ClCompile Include="..\..\Src\BlackCat.Game\Game\Object\Animation\Job\bcMeshColliderSkininingAnimationJob.cpp">
      <Filter>Game\Object\Animation\Job</Filter>
    </ClCompile>
    <ClCompile Include="..\..\Src\BlackCat.Game\Game\System\Render\Material\bcMaterialManager.cpp">
      <Filter>Game\System\Render\Material</Filter>
    </ClCompile>
    <ClCompile Include="..\..\Src\BlackCat.Game\Game\System\Render\Material\bcMeshMaterial.cpp">
      <Filter>Game\System\Render\Material</Filter>
    </ClCompile>
    <ClCompile Include="..\..\Src\BlackCat.Game\Game\System\Render\Decal\bcDecalManager.cpp">
      <Filter>Game\System\Render\Decal</Filter>
    </ClCompile>
    <ClCompile Include="..\..\Src\BlackCat.Game\Game\System\Render\Decal\bcDecal.cpp">
      <Filter>Game\System\Render\Decal</Filter>
    </ClCompile>
    <ClCompile Include="..\..\Src\BlackCat.Game\Game\System\Input\bcGlobalConfig.cpp">
      <Filter>Game\System\Input</Filter>
    </ClCompile>
    <ClCompile Include="..\..\Src\BlackCat.Game\Game\System\Render\Decal\bcDecalInstance.cpp">
      <Filter>Game\System\Render\Decal</Filter>
    </ClCompile>
    <ClCompile Include="..\..\Src\BlackCat.Game\Game\Object\Scene\Component\bcDecalComponent.cpp">
      <Filter>Game\Object\Scene\Component</Filter>
    </ClCompile>
    <ClCompile Include="..\..\Src\BlackCat.Game\Game\System\Input\bcChasingCamera.cpp">
      <Filter>Game\System\Input</Filter>
    </ClCompile>
    <ClCompile Include="..\..\Src\BlackCat.Game\Game\Object\Animation\Job\bcBlendingAnimationJob.cpp">
      <Filter>Game\Object\Animation\Job</Filter>
    </ClCompile>
    <ClCompile Include="..\..\Src\BlackCat.Game\Game\Object\Animation\Job\bcPartialBlendingAnimationJob.cpp">
      <Filter>Game\Object\Animation\Job</Filter>
    </ClCompile>
    <ClCompile Include="..\..\Src\BlackCat.Game\Game\Object\Animation\Job\bcLocalToModelAnimationJob.cpp">
      <Filter>Game\Object\Animation\Job</Filter>
    </ClCompile>
    <ClCompile Include="..\..\Src\BlackCat.Game\Game\Object\Animation\Job\bcActorUpdateAnimationJob.cpp">
      <Filter>Game\Object\Animation\Job</Filter>
    </ClCompile>
    <ClCompile Include="..\..\Src\BlackCat.Game\Game\Object\Animation\Job\bcAimAnimationJob.cpp">
      <Filter>Game\Object\Animation\Job</Filter>
    </ClCompile>
    <ClCompile Include="..\..\Src\BlackCat.Game\Game\System\Physics\bcPhysicsSimulationCallback.cpp">
      <Filter>Game\System\Physics</Filter>
    </ClCompile>
    <ClCompile Include="..\..\Src\BlackCat.Game\Game\Object\Animation\bcAnimationSkeleton.cpp">
      <Filter>Game\Object\Animation</Filter>
    </ClCompile>
    <ClCompile Include="..\..\Src\BlackCat.Game\Game\Object\Scene\Component\bcWeaponComponent.cpp">
      <Filter>Game\Object\Scene\Component</Filter>
    </ClCompile>
    <ClCompile Include="..\..\Src\BlackCat.Game\Game\Object\Animation\Job\bcTwoBoneIKAnimationJob.cpp">
      <Filter>Game\Object\Animation\Job</Filter>
    </ClCompile>
    <ClCompile Include="..\..\Src\BlackCat.Game\Game\Object\Animation\Job\bcAdditiveBlendingAnimatianJob.cpp">
      <Filter>Game\Object\Animation\Job</Filter>
    </ClCompile>
    <ClCompile Include="..\..\Src\BlackCat.Game\Game\Object\Scene\ActorComponent\bcActorComponentManager.cpp">
      <Filter>Game\Object\Scene\ActorComponent</Filter>
    </ClCompile>
    <ClCompile Include="..\..\Src\BlackCat.Game\Game\Object\Scene\Bullet\bcBulletManager.cpp">
      <Filter>Game\Object\Scene\Bullet</Filter>
    </ClCompile>
    <ClCompile Include="..\..\Src\BlackCat.Game\Game\Query\bcSceneDecalQuery.cpp">
      <Filter>Game\Query</Filter>
    </ClCompile>
    <ClCompile Include="..\..\Src\BlackCat.Game\Game\Query\bcSceneLightQuery.cpp">
      <Filter>Game\Query</Filter>
    </ClCompile>
    <ClCompile Include="..\..\Src\BlackCat.Game\Game\Object\Scene\Component\bcRigidControllerComponent.cpp">
      <Filter>Game\Object\Scene\Component</Filter>
    </ClCompile>
    <ClCompile Include="..\..\Src\BlackCat.Game\Game\Object\Scene\bcSceneCheckPoint.cpp">
      <Filter>Game\Object\Scene</Filter>
    </ClCompile>
    <ClCompile Include="..\..\Src\BlackCat.Game\Game\System\Network\bcNetworkSystem.cpp">
      <Filter>Game\System\Network</Filter>
    </ClCompile>
    <ClCompile Include="..\..\Src\BlackCat.Game\Game\Object\Scene\Component\bcNetworkComponent.cpp">
      <Filter>Game\Object\Scene\Component</Filter>
    </ClCompile>
    <ClCompile Include="..\..\Src\BlackCat.Game\Game\System\Network\Message\bcNetworkMessage.cpp">
      <Filter>Game\System\Network\Message</Filter>
    </ClCompile>
    <ClCompile Include="..\..\Src\BlackCat.Game\Game\System\Network\Client\bcNetworkClientManager.cpp">
      <Filter>Game\System\Network\Client</Filter>
    </ClCompile>
    <ClCompile Include="..\..\Src\BlackCat.Game\Game\System\Network\Server\bcNetworkServerManager.cpp">
      <Filter>Game\System\Network\Server</Filter>
    </ClCompile>
    <ClCompile Include="..\..\Src\BlackCat.Game\Game\System\Script\bcGameConsoleScript.cpp">
      <Filter>Game\System\Script</Filter>
    </ClCompile>
    <ClCompile Include="..\..\Src\BlackCat.Game\Game\System\Network\Message\bcAcknowledgeNetworkMessage.cpp">
      <Filter>Game\System\Network\Message</Filter>
    </ClCompile>
    <ClCompile Include="..\..\Src\BlackCat.Game\Game\System\Network\Message\bcClientConnectNetworkMessage.cpp">
      <Filter>Game\System\Network\Message</Filter>
    </ClCompile>
    <ClCompile Include="..\..\Src\BlackCat.Game\Game\System\Network\Server\bcNetworkServerManagerTcpClient.cpp">
      <Filter>Game\System\Network\Server</Filter>
    </ClCompile>
    <ClCompile Include="..\..\Src\BlackCat.Game\Game\System\Network\Message\bcActorReplicateNetworkMessage.cpp">
      <Filter>Game\System\Network\Message</Filter>
    </ClCompile>
    <ClCompile Include="..\..\Src\BlackCat.Game\Game\System\Network\Message\bcActorRemoveNetworkMessage.cpp">
      <Filter>Game\System\Network\Message</Filter>
    </ClCompile>
    <ClCompile Include="..\..\Src\BlackCat.Game\Game\System\Network\Message\bcActorSyncNetworkMessage.cpp">
      <Filter>Game\System\Network\Message</Filter>
    </ClCompile>
    <ClCompile Include="..\..\Src\BlackCat.Game\Game\System\Network\Message\bcSceneChangeNetworkMessage.cpp">
      <Filter>Game\System\Network\Message</Filter>
    </ClCompile>
    <ClCompile Include="..\..\Src\BlackCat.Game\Game\System\Network\Message\bcSceneReplicateNetworkMessage.cpp">
      <Filter>Game\System\Network\Message</Filter>
    </ClCompile>
    <ClCompile Include="..\..\Src\BlackCat.Game\Game\System\Network\bcNetworkMessageSerializationBuffer.cpp">
      <Filter>Game\System\Network</Filter>
    </ClCompile>
    <ClCompile Include="..\..\Src\BlackCat.Game\Game\System\Input\bcFileLogger.cpp">
      <Filter>Game\System\Input</Filter>
    </ClCompile>
    <ClCompile Include="..\..\Src\BlackCat.Game\Game\System\Network\Message\bcPingNetworkMessage.cpp">
      <Filter>Game\System\Network\Message</Filter>
    </ClCompile>
    <ClCompile Include="..\..\Src\BlackCat.Game\Game\Object\Mesh\bcMeshColliderBuilder.cpp">
      <Filter>Game\Object\Mesh</Filter>
    </ClCompile>
    <ClCompile Include="..\..\Src\BlackCat.Game\Game\Object\Scene\Component\bcHumanRagdollComponent.cpp">
      <Filter>Game\Object\Scene\Component</Filter>
    </ClCompile>
    <ClCompile Include="..\..\Src\BlackCat.Game\Game\Object\Animation\Job\bcRagdollSkinningAnimationJob.cpp">
      <Filter>Game\Object\Animation\Job</Filter>
    </ClCompile>
    <ClCompile Include="..\..\Src\BlackCat.Game\Game\Object\Animation\Job\bcModelToSkinningAnimationJob.cpp">
      <Filter>Game\Object\Animation\Job</Filter>
    </ClCompile>
    <ClCompile Include="..\..\Src\BlackCat.Game\Game\Object\Scene\Component\bcDecalResolverComponent.cpp">
      <Filter>Game\Object\Scene\Component</Filter>
    </ClCompile>
    <ClCompile Include="..\..\Src\BlackCat.Game\Game\System\Render\Pass\bcIntermediateTextureManager.cpp">
      <Filter>Game\System\Render\Pass</Filter>
    </ClCompile>
    <ClCompile Include="..\..\Src\BlackCat.Game\Game\Object\Scene\Component\bcIconComponent.cpp">
      <Filter>Game\Object\Scene\Component</Filter>
    </ClCompile>
  </ItemGroup>
</Project>