<?xml version="1.0" encoding="utf-8"?>
<Project ToolsVersion="4.0" xmlns="http://schemas.microsoft.com/developer/msbuild/2003">
  <ItemGroup>
    <Filter Include="Core">
      <UniqueIdentifier>{4b8b74d0-743d-46e1-bfab-8e82229f9d96}</UniqueIdentifier>
    </Filter>
    <Filter Include="Core\Memory">
      <UniqueIdentifier>{8c700876-947c-4e61-9e52-af5676f9e6ff}</UniqueIdentifier>
    </Filter>
    <Filter Include="Core\Math">
      <UniqueIdentifier>{6de1ce4c-7462-4870-b4d2-56e3fb7ca7d9}</UniqueIdentifier>
    </Filter>
    <Filter Include="Core\Utility">
      <UniqueIdentifier>{675cbb34-71ef-4ab5-90ad-b18a1a424803}</UniqueIdentifier>
    </Filter>
    <Filter Include="Core\Concurrency">
      <UniqueIdentifier>{a13e749e-be7d-4ee1-aa38-4197278e6fb8}</UniqueIdentifier>
    </Filter>
    <Filter Include="Core\Container">
      <UniqueIdentifier>{221c83fa-ef3d-4f96-bd67-cae3f536051b}</UniqueIdentifier>
    </Filter>
    <Filter Include="Core\File">
      <UniqueIdentifier>{9f943238-4749-4434-8381-65ea7b8dd4d5}</UniqueIdentifier>
    </Filter>
    <Filter Include="Core\Content">
      <UniqueIdentifier>{b60d423a-2359-42ae-b694-1537c4ab62af}</UniqueIdentifier>
    </Filter>
    <Filter Include="Core\Messaging">
      <UniqueIdentifier>{E738B3B0-F371-435C-BDD9-6D881C465781}</UniqueIdentifier>
    </Filter>
    <Filter Include="Core\Messaging\Query">
      <UniqueIdentifier>{bdf639a2-8173-467b-b4f7-81c2cbc29942}</UniqueIdentifier>
    </Filter>
    <Filter Include="Core\Messaging\Event">
      <UniqueIdentifier>{6b5d20b1-ffa4-4168-a8f4-ed1db54e6ff4}</UniqueIdentifier>
    </Filter>
  </ItemGroup>
  <ItemGroup>
    <ClInclude Include="..\..\Src\BlackCat.Core\Core\Concurrency\bcThreadManager.h">
      <Filter>Core\Concurrency</Filter>
    </ClInclude>
    <ClInclude Include="..\..\Src\BlackCat.Core\Core\Container\bcBitVector.h">
      <Filter>Core\Container</Filter>
    </ClInclude>
    <ClInclude Include="..\..\Src\BlackCat.Core\Core\Container\bcConcurrentHashMap.h">
      <Filter>Core\Container</Filter>
    </ClInclude>
    <ClInclude Include="..\..\Src\BlackCat.Core\Core\Container\bcConcurrentList.h">
      <Filter>Core\Container</Filter>
    </ClInclude>
    <ClInclude Include="..\..\Src\BlackCat.Core\Core\Container\bcConcurrentQueue.h">
      <Filter>Core\Container</Filter>
    </ClInclude>
    <ClInclude Include="..\..\Src\BlackCat.Core\Core\Container\bcContainer.h">
      <Filter>Core\Container</Filter>
    </ClInclude>
    <ClInclude Include="..\..\Src\BlackCat.Core\Core\Container\bcIterator.h">
      <Filter>Core\Container</Filter>
    </ClInclude>
    <ClInclude Include="..\..\Src\BlackCat.Core\Core\Container\bcList.h">
      <Filter>Core\Container</Filter>
    </ClInclude>
    <ClInclude Include="..\..\Src\BlackCat.Core\Core\Container\bcMap.h">
      <Filter>Core\Container</Filter>
    </ClInclude>
    <ClInclude Include="..\..\Src\BlackCat.Core\Core\Container\bcString.h">
      <Filter>Core\Container</Filter>
    </ClInclude>
    <ClInclude Include="..\..\Src\BlackCat.Core\Core\Container\bcTree.h">
      <Filter>Core\Container</Filter>
    </ClInclude>
    <ClInclude Include="..\..\Src\BlackCat.Core\Core\Container\bcVector.h">
      <Filter>Core\Container</Filter>
    </ClInclude>
    <ClInclude Include="..\..\Src\BlackCat.Core\Core\Math\bcCoordinate.h">
      <Filter>Core\Math</Filter>
    </ClInclude>
    <ClInclude Include="..\..\Src\BlackCat.Core\Core\Math\bcMatrix3f.h">
      <Filter>Core\Math</Filter>
    </ClInclude>
    <ClInclude Include="..\..\Src\BlackCat.Core\Core\Math\bcMatrix4f.h">
      <Filter>Core\Math</Filter>
    </ClInclude>
    <ClInclude Include="..\..\Src\BlackCat.Core\Core\Math\bcVector2f.h">
      <Filter>Core\Math</Filter>
    </ClInclude>
    <ClInclude Include="..\..\Src\BlackCat.Core\Core\Math\bcVector3f.h">
      <Filter>Core\Math</Filter>
    </ClInclude>
    <ClInclude Include="..\..\Src\BlackCat.Core\Core\Math\bcVector4f.h">
      <Filter>Core\Math</Filter>
    </ClInclude>
    <ClInclude Include="..\..\Src\BlackCat.Core\Core\Memory\bcAlloc.h">
      <Filter>Core\Memory</Filter>
    </ClInclude>
    <ClInclude Include="..\..\Src\BlackCat.Core\Core\Memory\bcMemBlock.h">
      <Filter>Core\Memory</Filter>
    </ClInclude>
    <ClInclude Include="..\..\Src\BlackCat.Core\Core\Memory\bcMemMngFreeList.h">
      <Filter>Core\Memory</Filter>
    </ClInclude>
    <ClInclude Include="..\..\Src\BlackCat.Core\Core\Memory\bcMemMngHashMap.h">
      <Filter>Core\Memory</Filter>
    </ClInclude>
    <ClInclude Include="..\..\Src\BlackCat.Core\Core\Memory\bcMemoryCRT.h">
      <Filter>Core\Memory</Filter>
    </ClInclude>
    <ClInclude Include="..\..\Src\BlackCat.Core\Core\Memory\bcMemoryFixedSize.h">
      <Filter>Core\Memory</Filter>
    </ClInclude>
    <ClInclude Include="..\..\Src\BlackCat.Core\Core\Memory\bcMemoryHeap.h">
      <Filter>Core\Memory</Filter>
    </ClInclude>
    <ClInclude Include="..\..\Src\BlackCat.Core\Core\Memory\bcMemoryManagment.h">
      <Filter>Core\Memory</Filter>
    </ClInclude>
    <ClInclude Include="..\..\Src\BlackCat.Core\Core\Memory\bcMemoryStack.h">
      <Filter>Core\Memory</Filter>
    </ClInclude>
    <ClInclude Include="..\..\Src\BlackCat.Core\Core\Memory\bcMemoryTracer.h">
      <Filter>Core\Memory</Filter>
    </ClInclude>
    <ClInclude Include="..\..\Src\BlackCat.Core\Core\Memory\bcPtr.h">
      <Filter>Core\Memory</Filter>
    </ClInclude>
    <ClInclude Include="..\..\Src\BlackCat.Core\Core\Utility\bcDelegate.h">
      <Filter>Core\Utility</Filter>
    </ClInclude>
    <ClInclude Include="..\..\Src\BlackCat.Core\Core\Utility\bcSingleton.h">
      <Filter>Core\Utility</Filter>
    </ClInclude>
    <ClInclude Include="..\..\Src\BlackCat.Core\Core\bcException.h">
      <Filter>Core</Filter>
    </ClInclude>
    <ClInclude Include="..\..\Src\BlackCat.Core\Core\CorePCH.h">
      <Filter>Core</Filter>
    </ClInclude>
    <ClInclude Include="..\..\Src\BlackCat.Core\Core\Concurrency\bcBackOff.h">
      <Filter>Core\Concurrency</Filter>
    </ClInclude>
    <ClInclude Include="..\..\Src\BlackCat.Core\Core\Concurrency\bcConcurrency.h">
      <Filter>Core\Concurrency</Filter>
    </ClInclude>
    <ClInclude Include="..\..\Src\BlackCat.Core\Core\Concurrency\bcLockFreeMemMng.h">
      <Filter>Core\Concurrency</Filter>
    </ClInclude>
    <ClInclude Include="..\..\Src\BlackCat.Core\Core\Concurrency\bcThreadLocal.h">
      <Filter>Core\Concurrency</Filter>
    </ClInclude>
    <ClInclude Include="..\..\Src\BlackCat.Core\Core\Container\bcAllocator.h">
      <Filter>Core\Container</Filter>
    </ClInclude>
    <ClInclude Include="..\..\Src\BlackCat.Core\Core\Container\bcArray.h">
      <Filter>Core\Container</Filter>
    </ClInclude>
    <ClInclude Include="..\..\Src\BlackCat.Core\Core\Container\bcDeque.h">
      <Filter>Core\Container</Filter>
    </ClInclude>
    <ClInclude Include="..\..\Src\BlackCat.Core\Core\Container\bcUnorderedMap.h">
      <Filter>Core\Container</Filter>
    </ClInclude>
    <ClInclude Include="..\..\Src\BlackCat.Core\Core\Memory\bcMemory.h">
      <Filter>Core\Memory</Filter>
    </ClInclude>
    <ClInclude Include="..\..\Src\BlackCat.Core\Core\Memory\bcMemoryExtender.h">
      <Filter>Core\Memory</Filter>
    </ClInclude>
    <ClInclude Include="..\..\Src\BlackCat.Core\Core\Memory\bcMemoryProxy.h">
      <Filter>Core\Memory</Filter>
    </ClInclude>
    <ClInclude Include="..\..\Src\BlackCat.Core\Core\Utility\bcDataDrivenParameter.h">
      <Filter>Core\Utility</Filter>
    </ClInclude>
    <ClInclude Include="..\..\Src\BlackCat.Core\Core\Utility\bcDelegate.hpp">
      <Filter>Core\Utility</Filter>
    </ClInclude>
    <ClInclude Include="..\..\Src\BlackCat.Core\Core\Utility\bcEnumOperand.h">
      <Filter>Core\Utility</Filter>
    </ClInclude>
    <ClInclude Include="..\..\Src\BlackCat.Core\Core\Utility\bcInitializable.h">
      <Filter>Core\Utility</Filter>
    </ClInclude>
    <ClInclude Include="..\..\Src\BlackCat.Core\Core\Utility\bcJsonParse.h">
      <Filter>Core\Utility</Filter>
    </ClInclude>
    <ClInclude Include="..\..\Src\BlackCat.Core\Core\Utility\bcLazy.h">
      <Filter>Core\Utility</Filter>
    </ClInclude>
    <ClInclude Include="..\..\Src\BlackCat.Core\Core\Utility\bcLogger.h">
      <Filter>Core\Utility</Filter>
    </ClInclude>
    <ClInclude Include="..\..\Src\BlackCat.Core\Core\Utility\bcNullable.h">
      <Filter>Core\Utility</Filter>
    </ClInclude>
    <ClInclude Include="..\..\Src\BlackCat.Core\Core\Utility\bcObjectPool.h">
      <Filter>Core\Utility</Filter>
    </ClInclude>
    <ClInclude Include="..\..\Src\BlackCat.Core\Core\Utility\bcParameterPack.h">
      <Filter>Core\Utility</Filter>
    </ClInclude>
    <ClInclude Include="..\..\Src\BlackCat.Core\Core\Utility\bcRefCountPtr.h">
      <Filter>Core\Utility</Filter>
    </ClInclude>
    <ClInclude Include="..\..\Src\BlackCat.Core\Core\Utility\bcServiceManager.h">
      <Filter>Core\Utility</Filter>
    </ClInclude>
    <ClInclude Include="..\..\Src\BlackCat.Core\Core\Utility\bcTemplateMetaType.h">
      <Filter>Core\Utility</Filter>
    </ClInclude>
    <ClInclude Include="..\..\Src\BlackCat.Core\Core\bcConstant.h">
      <Filter>Core</Filter>
    </ClInclude>
    <ClInclude Include="..\..\Src\BlackCat.Core\Core\bcEvent.h">
      <Filter>Core</Filter>
    </ClInclude>
    <ClInclude Include="..\..\Src\BlackCat.Core\Core\bcExport.h">
      <Filter>Core</Filter>
    </ClInclude>
    <ClInclude Include="..\..\Src\BlackCat.Core\Core\File\bcFileStream.h">
      <Filter>Core\File</Filter>
    </ClInclude>
    <ClInclude Include="..\..\Src\BlackCat.Core\Core\File\bcJsonDocument.h">
      <Filter>Core\File</Filter>
    </ClInclude>
    <ClInclude Include="..\..\Src\BlackCat.Core\Core\File\bcJsonParse.h">
      <Filter>Core\File</Filter>
    </ClInclude>
    <ClInclude Include="..\..\Src\BlackCat.Core\Core\File\bcPath.h">
      <Filter>Core\File</Filter>
    </ClInclude>
    <ClInclude Include="..\..\Src\BlackCat.Core\Core\File\bcStream.h">
      <Filter>Core\File</Filter>
    </ClInclude>
    <ClInclude Include="..\..\Src\BlackCat.Core\Core\Concurrency\bcTask.h">
      <Filter>Core\Concurrency</Filter>
    </ClInclude>
    <ClInclude Include="..\..\Src\BlackCat.Core\Core\Container\bcQueue.h">
      <Filter>Core\Container</Filter>
    </ClInclude>
    <ClInclude Include="..\..\Src\BlackCat.Core\Core\Utility\bcObjectPoolAllocator.h">
      <Filter>Core\Utility</Filter>
    </ClInclude>
    <ClInclude Include="..\..\Src\BlackCat.Core\Core\Content\bcContent.h">
      <Filter>Core\Content</Filter>
    </ClInclude>
    <ClInclude Include="..\..\Src\BlackCat.Core\Core\Content\bcContentLoader.h">
      <Filter>Core\Content</Filter>
    </ClInclude>
    <ClInclude Include="..\..\Src\BlackCat.Core\Core\Content\bcContentManager.h">
      <Filter>Core\Content</Filter>
    </ClInclude>
    <ClInclude Include="..\..\Src\BlackCat.Core\Core\Content\bcContentStreamManager.h">
      <Filter>Core\Content</Filter>
    </ClInclude>
    <ClInclude Include="..\..\Src\BlackCat.Core\Core\Content\bcLazyContent.h">
      <Filter>Core\Content</Filter>
    </ClInclude>
    <ClInclude Include="..\..\Src\BlackCat.Core\Core\Utility\bcObjectStackPool.h">
      <Filter>Core\Utility</Filter>
    </ClInclude>
    <ClInclude Include="..\..\Src\BlackCat.Core\Core\Messaging\bcMessage.h">
      <Filter>Core\Messaging</Filter>
    </ClInclude>
    <ClInclude Include="..\..\Src\BlackCat.Core\Core\Messaging\Query\bcQuery.h">
      <Filter>Core\Messaging\Query</Filter>
    </ClInclude>
    <ClInclude Include="..\..\Src\BlackCat.Core\Core\Messaging\Query\bcQueryContext.h">
      <Filter>Core\Messaging\Query</Filter>
    </ClInclude>
    <ClInclude Include="..\..\Src\BlackCat.Core\Core\Messaging\Query\bcQueryManager.h">
      <Filter>Core\Messaging\Query</Filter>
    </ClInclude>
    <ClInclude Include="..\..\Src\BlackCat.Core\Core\Messaging\bcMessageHandle.h">
      <Filter>Core\Messaging</Filter>
    </ClInclude>
    <ClInclude Include="..\..\Src\BlackCat.Core\Core\Messaging\Query\bcQueryProviderHandle.h">
      <Filter>Core\Messaging\Query</Filter>
    </ClInclude>
    <ClInclude Include="..\..\Src\BlackCat.Core\Core\Messaging\Query\bcQueryResult.h">
      <Filter>Core\Messaging\Query</Filter>
    </ClInclude>
    <ClInclude Include="..\..\Src\BlackCat.Core\Core\Concurrency\bcMutexTest.h">
      <Filter>Core\Concurrency</Filter>
    </ClInclude>
    <ClInclude Include="..\..\Src\BlackCat.Core\Core\Utility\bcCounterValueManager.h">
      <Filter>Core\Utility</Filter>
    </ClInclude>
    <ClInclude Include="..\..\Src\BlackCat.Core\Core\Utility\bcStopWatch.h">
      <Filter>Core\Utility</Filter>
    </ClInclude>
    <ClInclude Include="..\..\Src\BlackCat.Core\Core\Math\bcCurve.h">
      <Filter>Core\Math</Filter>
    </ClInclude>
    <ClInclude Include="..\..\Src\BlackCat.Core\Core\Messaging\Event\bcEvent.h">
      <Filter>Core\Messaging\Event</Filter>
    </ClInclude>
    <ClInclude Include="..\..\Src\BlackCat.Core\Core\Messaging\Event\bcEventHandler.h">
      <Filter>Core\Messaging\Event</Filter>
    </ClInclude>
    <ClInclude Include="..\..\Src\BlackCat.Core\Core\Messaging\Event\bcEventListenerHandle.h">
      <Filter>Core\Messaging\Event</Filter>
    </ClInclude>
    <ClInclude Include="..\..\Src\BlackCat.Core\Core\Messaging\Event\bcEventManager.h">
      <Filter>Core\Messaging\Event</Filter>
    </ClInclude>
    <ClInclude Include="..\..\Src\BlackCat.Core\Core\Container\bcListPool.h">
      <Filter>Core\Container</Filter>
    </ClInclude>
    <ClInclude Include="..\..\Src\BlackCat.Core\Core\Utility\bcRandom.h">
      <Filter>Core\Utility</Filter>
    </ClInclude>
    <ClInclude Include="..\..\Src\BlackCat.Core\Core\Container\bcIteratorAdapter.h">
      <Filter>Core\Container</Filter>
    </ClInclude>
    <ClInclude Include="..\..\Src\BlackCat.Core\Core\bcUtility.h">
      <Filter>Core</Filter>
    </ClInclude>
    <ClInclude Include="..\..\Src\BlackCat.Core\Core\Container\bcSpan.h">
      <Filter>Core\Container</Filter>
    </ClInclude>
    <ClInclude Include="..\..\Src\BlackCat.Core\Core\Utility\bcVelocity.h">
      <Filter>Core\Utility</Filter>
    </ClInclude>
    <ClInclude Include="..\..\Src\BlackCat.Core\Core\Container\bcStateMachine.h">
      <Filter>Core\Container</Filter>
    </ClInclude>
    <ClInclude Include="..\..\Src\BlackCat.Core\Core\File\bcMemoryStream.h">
      <Filter>Core\File</Filter>
    </ClInclude>
    <ClInclude Include="..\..\Src\BlackCat.Core\Core\Utility\bcLoggerOutputStream.h">
      <Filter>Core\Utility</Filter>
    </ClInclude>
    <ClInclude Include="..\..\Src\BlackCat.Core\Core\Utility\bcValueSampler.h">
      <Filter>Core\Utility</Filter>
    </ClInclude>
    <ClInclude Include="..\..\Src\BlackCat.Core\Core\Utility\bcValueChangeRateSampler.h">
      <Filter>Core\Utility</Filter>
    </ClInclude>
    <ClInclude Include="..\..\Src\BlackCat.Core\Core\Container\bcStringStream.h">
      <Filter>Core\Container</Filter>
    </ClInclude>
    <ClInclude Include="..\..\Src\BlackCat.Core\Core\Container\bcStack.h">
      <Filter>Core\Container</Filter>
    </ClInclude>
    <ClInclude Include="..\..\Src\BlackCat.Core\Core\Container\bcSboVector.h">
      <Filter>Core\Container</Filter>
    </ClInclude>
    <ClInclude Include="..\..\Src\BlackCat.Core\Core\Memory\bcMemoryStack1.h">
      <Filter>Core\Memory</Filter>
    </ClInclude>
  </ItemGroup>
  <ItemGroup>
    <ClCompile Include="..\..\Src\BlackCat.Core\Core\Concurrency\bcThreadManager.cpp">
      <Filter>Core\Concurrency</Filter>
    </ClCompile>
    <ClCompile Include="..\..\Src\BlackCat.Core\Core\Container\bcBitVector.cpp">
      <Filter>Core\Container</Filter>
    </ClCompile>
    <ClCompile Include="..\..\Src\BlackCat.Core\Core\Container\bcString.cpp">
      <Filter>Core\Container</Filter>
    </ClCompile>
    <ClCompile Include="..\..\Src\BlackCat.Core\Core\Math\bcMatrix3f.cpp">
      <Filter>Core\Math</Filter>
    </ClCompile>
    <ClCompile Include="..\..\Src\BlackCat.Core\Core\Math\bcMatrix4f.cpp">
      <Filter>Core\Math</Filter>
    </ClCompile>
    <ClCompile Include="..\..\Src\BlackCat.Core\Core\Memory\bcMemoryFixedSize.cpp">
      <Filter>Core\Memory</Filter>
    </ClCompile>
    <ClCompile Include="..\..\Src\BlackCat.Core\Core\Memory\bcMemoryManagment.cpp">
      <Filter>Core\Memory</Filter>
    </ClCompile>
    <ClCompile Include="..\..\Src\BlackCat.Core\Core\Memory\bcMemoryStack.cpp">
      <Filter>Core\Memory</Filter>
    </ClCompile>
    <ClCompile Include="..\..\Src\BlackCat.Core\Core\CorePCH.cpp">
      <Filter>Core</Filter>
    </ClCompile>
    <ClCompile Include="..\..\Src\BlackCat.Core\Core\Memory\bcMemoryHeap.cpp">
      <Filter>Core\Memory</Filter>
    </ClCompile>
    <ClCompile Include="..\..\Src\BlackCat.Core\Core\Utility\bcLogger.cpp">
      <Filter>Core\Utility</Filter>
    </ClCompile>
    <ClCompile Include="..\..\Src\BlackCat.Core\Core\Utility\bcObjectPool.cpp">
      <Filter>Core\Utility</Filter>
    </ClCompile>
    <ClCompile Include="..\..\Src\BlackCat.Core\Core\Utility\bcServiceManager.cpp">
      <Filter>Core\Utility</Filter>
    </ClCompile>
    <ClCompile Include="..\..\Src\BlackCat.Core\Core\File\bcPath.cpp">
      <Filter>Core\File</Filter>
    </ClCompile>
    <ClCompile Include="..\..\Src\BlackCat.Core\Core\File\bcStream.cpp">
      <Filter>Core\File</Filter>
    </ClCompile>
    <ClCompile Include="..\..\Src\BlackCat.Core\Core\File\bcPath.cpp">
      <Filter>Core\File</Filter>
    </ClCompile>
    <ClCompile Include="..\..\Src\BlackCat.Core\Core\File\bcStream.cpp">
      <Filter>Core\File</Filter>
    </ClCompile>
    <ClCompile Include="..\..\Src\BlackCat.Core\Core\Math\bcMatrix3f.cpp">
      <Filter>Core\Math</Filter>
    </ClCompile>
    <ClCompile Include="..\..\Src\BlackCat.Core\Core\Math\bcMatrix4f.cpp">
      <Filter>Core\Math</Filter>
    </ClCompile>
    <ClCompile Include="..\..\Src\BlackCat.Core\Core\Memory\bcMemoryHeap.cpp">
      <Filter>Core\Memory</Filter>
    </ClCompile>
    <ClCompile Include="..\..\Src\BlackCat.Core\Core\Utility\bcLogger.cpp">
      <Filter>Core\Utility</Filter>
    </ClCompile>
    <ClCompile Include="..\..\Src\BlackCat.Core\Core\Utility\bcObjectPool.cpp">
      <Filter>Core\Utility</Filter>
    </ClCompile>
    <ClCompile Include="..\..\Src\BlackCat.Core\Core\Content\bcContent.cpp">
      <Filter>Core\Content</Filter>
    </ClCompile>
    <ClCompile Include="..\..\Src\BlackCat.Core\Core\Content\bcContentLoader.cpp">
      <Filter>Core\Content</Filter>
    </ClCompile>
    <ClCompile Include="..\..\Src\BlackCat.Core\Core\Content\bcContentStreamManager.cpp">
      <Filter>Core\Content</Filter>
    </ClCompile>
    <ClCompile Include="..\..\Src\BlackCat.Core\Core\Utility\bcObjectStackPool.cpp">
      <Filter>Core\Utility</Filter>
    </ClCompile>
    <ClCompile Include="..\..\Src\BlackCat.Core\Core\Messaging\bcMessage.cpp">
      <Filter>Core\Messaging</Filter>
    </ClCompile>
    <ClCompile Include="..\..\Src\BlackCat.Core\Core\Messaging\Query\bcQuery.cpp">
      <Filter>Core\Messaging\Query</Filter>
    </ClCompile>
    <ClCompile Include="..\..\Src\BlackCat.Core\Core\Messaging\Query\bcQueryProviderHandle.cpp">
      <Filter>Core\Messaging\Query</Filter>
    </ClCompile>
    <ClCompile Include="..\..\Src\BlackCat.Core\Core\Messaging\Query\bcQueryManager.cpp">
      <Filter>Core\Messaging\Query</Filter>
    </ClCompile>
    <ClCompile Include="..\..\Src\BlackCat.Core\Core\Utility\bcCounterValueManager.cpp">
      <Filter>Core\Utility</Filter>
    </ClCompile>
    <ClCompile Include="..\..\Src\BlackCat.Core\Core\Messaging\Event\bcEvent.cpp">
      <Filter>Core\Messaging\Event</Filter>
    </ClCompile>
    <ClCompile Include="..\..\Src\BlackCat.Core\Core\Messaging\Event\bcEventListenerHandle.cpp">
      <Filter>Core\Messaging\Event</Filter>
    </ClCompile>
    <ClCompile Include="..\..\Src\BlackCat.Core\Core\Messaging\Event\bcEventManager.cpp">
      <Filter>Core\Messaging\Event</Filter>
    </ClCompile>
    <ClCompile Include="..\..\Src\BlackCat.Core\Core\File\bcMemoryStream.cpp">
      <Filter>Core\File</Filter>
    </ClCompile>
    <ClCompile Include="..\..\Src\BlackCat.Core\Core\Utility\bcInitializable.cpp">
      <Filter>Core\Utility</Filter>
    </ClCompile>
    <ClCompile Include="..\..\Src\BlackCat.Core\Core\Utility\bcLoggerOutputStream.cpp">
      <Filter>Core\Utility</Filter>
    </ClCompile>
    <ClCompile Include="..\..\Src\BlackCat.Core\Core\Math\bcVector2f.cpp">
      <Filter>Core\Math</Filter>
    </ClCompile>
    <ClCompile Include="..\..\Src\BlackCat.Core\Core\Math\bcVector3f.cpp">
      <Filter>Core\Math</Filter>
    </ClCompile>
    <ClCompile Include="..\..\Src\BlackCat.Core\Core\Math\bcVector4f.cpp">
      <Filter>Core\Math</Filter>
    </ClCompile>
    <ClCompile Include="..\..\Src\BlackCat.Core\Core\Memory\bcMemoryStack1.cpp">
      <Filter>Core\Memory</Filter>
    </ClCompile>
  </ItemGroup>
</Project>