
Microsoft Visual Studio Solution File, Format Version 11.00
# Visual Studio 2010
Project("{8BC9CEB8-8B4A-11D0-8D11-00A0C91BC942}") = "BlackCat", "BlackCat.vcxproj", "{D6D32113-4C80-4613-87DF-1000C12D3FE9}"
EndProject
Project("{8BC9CEB8-8B4A-11D0-8D11-00A0C91BC942}") = "Test", "..\Test\Test.vcxproj", "{7AF8748E-CDBB-49AE-91EE-3C76D3A2F198}"
	ProjectSection(ProjectDependencies) = postProject
		{D6D32113-4C80-4613-87DF-1000C12D3FE9} = {D6D32113-4C80-4613-87DF-1000C12D3FE9}
	EndProjectSection
EndProject
Global
	GlobalSection(SolutionConfigurationPlatforms) = preSolution
		Debug|Win32 = Debug|Win32
		Release|Win32 = Release|Win32
	EndGlobalSection
	GlobalSection(ProjectConfigurationPlatforms) = postSolution
		{D6D32113-4C80-4613-87DF-1000C12D3FE9}.Debug|Win32.ActiveCfg = Debug|Win32
		{D6D32113-4C80-4613-87DF-1000C12D3FE9}.Debug|Win32.Build.0 = Debug|Win32
		{D6D32113-4C80-4613-87DF-1000C12D3FE9}.Release|Win32.ActiveCfg = Release|Win32
		{D6D32113-4C80-4613-87DF-1000C12D3FE9}.Release|Win32.Build.0 = Release|Win32
		{7AF8748E-CDBB-49AE-91EE-3C76D3A2F198}.Debug|Win32.ActiveCfg = Debug|Win32
		{7AF8748E-CDBB-49AE-91EE-3C76D3A2F198}.Debug|Win32.Build.0 = Debug|Win32
		{7AF8748E-CDBB-49AE-91EE-3C76D3A2F198}.Release|Win32.ActiveCfg = Release|Win32
		{7AF8748E-CDBB-49AE-91EE-3C76D3A2F198}.Release|Win32.Build.0 = Release|Win32
	EndGlobalSection
	GlobalSection(SolutionProperties) = preSolution
		HideSolutionNode = FALSE
	EndGlobalSection
EndGlobal
