<?xml version="1.0" encoding="utf-8"?>
<Project ToolsVersion="4.0" xmlns="http://schemas.microsoft.com/developer/msbuild/2003">
  <ItemGroup>
    <Filter Include="BlackCat">
      <UniqueIdentifier>{1dcee172-f641-40f6-a4ac-36797947cdce}</UniqueIdentifier>
    </Filter>
    <Filter Include="BlackCat\_">
      <UniqueIdentifier>{8232bb30-731e-40a9-8fa1-28e934fbaf18}</UniqueIdentifier>
    </Filter>
    <Filter Include="BlackCat\_\Application">
      <UniqueIdentifier>{7dc7e3fd-7060-4869-871f-d464535b2443}</UniqueIdentifier>
    </Filter>
    <Filter Include="BlackCat\_\Entity">
      <UniqueIdentifier>{d7accb1b-7d86-4c58-803b-0cdd4aa637b5}</UniqueIdentifier>
    </Filter>
    <Filter Include="BlackCat\_\Graphics">
      <UniqueIdentifier>{55bc46db-0e05-4668-b5ac-3b0991a262fb}</UniqueIdentifier>
    </Filter>
    <Filter Include="BlackCat\_\Graphics\PostProcessing">
      <UniqueIdentifier>{983d5b0a-1f14-4e29-884e-6c4c29939f70}</UniqueIdentifier>
    </Filter>
    <Filter Include="BlackCat\_\Graphics\PostProcessing\DeferedRendering">
      <UniqueIdentifier>{9c4fde1e-aa2f-4668-b1fe-4ffb7efd896f}</UniqueIdentifier>
    </Filter>
    <Filter Include="BlackCat\_\GUI">
      <UniqueIdentifier>{45607c1b-f126-4d4d-a0cf-0c84b93aaa21}</UniqueIdentifier>
    </Filter>
    <Filter Include="BlackCat\_\Mathematic">
      <UniqueIdentifier>{018be0cb-1fd9-471a-9327-0fd3fb2349aa}</UniqueIdentifier>
    </Filter>
    <Filter Include="BlackCat\_\Utility">
      <UniqueIdentifier>{68636d85-dabe-419c-9edd-26a03adfd738}</UniqueIdentifier>
    </Filter>
    <Filter Include="BlackCat\Application">
      <UniqueIdentifier>{e10ee3b7-46cd-4758-b2df-7a5e94555f5a}</UniqueIdentifier>
    </Filter>
    <Filter Include="BlackCat\Loader">
      <UniqueIdentifier>{f9899ba9-f744-4944-aee2-a10c56072bfc}</UniqueIdentifier>
    </Filter>
  </ItemGroup>
  <ItemGroup>
    <ClInclude Include="BlackCat\_\Application\App.h">
      <Filter>BlackCat\_\Application</Filter>
    </ClInclude>
    <ClInclude Include="BlackCat\_\Application\BlackCat.h">
      <Filter>BlackCat\_\Application</Filter>
    </ClInclude>
    <ClInclude Include="BlackCat\_\Application\Exceptions.h">
      <Filter>BlackCat\_\Application</Filter>
    </ClInclude>
    <ClInclude Include="BlackCat\_\Application\Input.h">
      <Filter>BlackCat\_\Application</Filter>
    </ClInclude>
    <ClInclude Include="BlackCat\_\Application\InterfacePointers.h">
      <Filter>BlackCat\_\Application</Filter>
    </ClInclude>
    <ClInclude Include="BlackCat\_\Application\PCH.h">
      <Filter>BlackCat\_\Application</Filter>
    </ClInclude>
    <ClInclude Include="BlackCat\_\Application\Timer.h">
      <Filter>BlackCat\_\Application</Filter>
    </ClInclude>
    <ClInclude Include="BlackCat\_\Application\Utility.h">
      <Filter>BlackCat\_\Application</Filter>
    </ClInclude>
    <ClInclude Include="BlackCat\_\Application\Window.h">
      <Filter>BlackCat\_\Application</Filter>
    </ClInclude>
    <ClInclude Include="BlackCat\_\Entity\Terrain.h">
      <Filter>BlackCat\_\Entity</Filter>
    </ClInclude>
    <ClInclude Include="BlackCat\_\Graphics\PostProcessing\DeferedRendering\DeferedRenderer.h">
      <Filter>BlackCat\_\Graphics\PostProcessing\DeferedRendering</Filter>
    </ClInclude>
    <ClInclude Include="BlackCat\_\Graphics\PostProcessing\DeferedRendering\Light.h">
      <Filter>BlackCat\_\Graphics\PostProcessing\DeferedRendering</Filter>
    </ClInclude>
    <ClInclude Include="BlackCat\_\Graphics\PostProcessing\PostProcessor.h">
      <Filter>BlackCat\_\Graphics\PostProcessing</Filter>
    </ClInclude>
    <ClInclude Include="BlackCat\_\Graphics\bcModel.h">
      <Filter>BlackCat\_\Graphics</Filter>
    </ClInclude>
    <ClInclude Include="BlackCat\_\Graphics\Camera.h">
      <Filter>BlackCat\_\Graphics</Filter>
    </ClInclude>
    <ClInclude Include="BlackCat\_\Graphics\DeviceManager.h">
      <Filter>BlackCat\_\Graphics</Filter>
    </ClInclude>
    <ClInclude Include="BlackCat\_\Graphics\DeviceStates.h">
      <Filter>BlackCat\_\Graphics</Filter>
    </ClInclude>
    <ClInclude Include="BlackCat\_\Graphics\GraphicsTypes.h">
      <Filter>BlackCat\_\Graphics</Filter>
    </ClInclude>
    <ClInclude Include="BlackCat\_\Graphics\Managers.h">
      <Filter>BlackCat\_\Graphics</Filter>
    </ClInclude>
    <ClInclude Include="BlackCat\_\Graphics\Model.h">
      <Filter>BlackCat\_\Graphics</Filter>
    </ClInclude>
    <ClInclude Include="BlackCat\_\Graphics\PostProcessorBase.h">
      <Filter>BlackCat\_\Graphics</Filter>
    </ClInclude>
    <ClInclude Include="BlackCat\_\Graphics\SDKMesh.h">
      <Filter>BlackCat\_\Graphics</Filter>
    </ClInclude>
    <ClInclude Include="BlackCat\_\Graphics\ShaderCompilation.h">
      <Filter>BlackCat\_\Graphics</Filter>
    </ClInclude>
    <ClInclude Include="BlackCat\_\Graphics\SpriteFont.h">
      <Filter>BlackCat\_\Graphics</Filter>
    </ClInclude>
    <ClInclude Include="BlackCat\_\Graphics\SpriteRenderer.h">
      <Filter>BlackCat\_\Graphics</Filter>
    </ClInclude>
    <ClInclude Include="BlackCat\_\Graphics\Structs.h">
      <Filter>BlackCat\_\Graphics</Filter>
    </ClInclude>
    <ClInclude Include="BlackCat\_\GUI\GUIObject.h">
      <Filter>BlackCat\_\GUI</Filter>
    </ClInclude>
    <ClInclude Include="BlackCat\_\GUI\Slider.h">
      <Filter>BlackCat\_\GUI</Filter>
    </ClInclude>
    <ClInclude Include="BlackCat\_\Mathematic\BasicMath.h">
      <Filter>BlackCat\_\Mathematic</Filter>
    </ClInclude>
    <ClInclude Include="BlackCat\_\Mathematic\bcShapes.h">
      <Filter>BlackCat\_\Mathematic</Filter>
    </ClInclude>
    <ClInclude Include="BlackCat\_\Mathematic\xnaCollision.h">
      <Filter>BlackCat\_\Mathematic</Filter>
    </ClInclude>
    <ClInclude Include="BlackCat\_\Utility\FileSystem.h">
      <Filter>BlackCat\_\Utility</Filter>
    </ClInclude>
    <ClInclude Include="BlackCat\_\Utility\Log.h">
      <Filter>BlackCat\_\Utility</Filter>
    </ClInclude>
    <ClInclude Include="BlackCat\_\Utility\MathUtility.h">
      <Filter>BlackCat\_\Utility</Filter>
    </ClInclude>
    <ClInclude Include="BlackCat\_\Utility\Operands.h">
      <Filter>BlackCat\_\Utility</Filter>
    </ClInclude>
    <ClInclude Include="BlackCat\_\Utility\ShapeDraw.h">
      <Filter>BlackCat\_\Utility</Filter>
    </ClInclude>
    <ClInclude Include="BlackCat\BlackCatPCH.h">
      <Filter>BlackCat</Filter>
    </ClInclude>
    <ClInclude Include="BlackCat\Application\bcBaseRenderApplication.h">
      <Filter>BlackCat\Application</Filter>
    </ClInclude>
    <ClInclude Include="BlackCat\Loader\bcMeshLoader.h">
      <Filter>BlackCat\Loader</Filter>
    </ClInclude>
    <ClInclude Include="BlackCat\Loader\bcDomainShaderLoader.h">
      <Filter>BlackCat\Loader</Filter>
    </ClInclude>
    <ClInclude Include="BlackCat\Loader\bcGeometryShaderLoader.h">
      <Filter>BlackCat\Loader</Filter>
    </ClInclude>
    <ClInclude Include="BlackCat\Loader\bcHullShaderLoader.h">
      <Filter>BlackCat\Loader</Filter>
    </ClInclude>
    <ClInclude Include="BlackCat\Loader\bcPixelShaderLoader.h">
      <Filter>BlackCat\Loader</Filter>
    </ClInclude>
    <ClInclude Include="BlackCat\Loader\bcTextureLoader.h">
      <Filter>BlackCat\Loader</Filter>
    </ClInclude>
    <ClInclude Include="BlackCat\Loader\bcVertexShaderLoader.h">
      <Filter>BlackCat\Loader</Filter>
    </ClInclude>
    <ClInclude Include="BlackCat\bcExport.h">
      <Filter>BlackCat</Filter>
    </ClInclude>
  </ItemGroup>
  <ItemGroup>
    <ClCompile Include="BlackCat\_\Application\App.cpp">
      <Filter>BlackCat\_\Application</Filter>
    </ClCompile>
    <ClCompile Include="BlackCat\_\Application\BlackCat.cpp">
      <Filter>BlackCat\_\Application</Filter>
    </ClCompile>
    <ClCompile Include="BlackCat\_\Application\Input.cpp">
      <Filter>BlackCat\_\Application</Filter>
    </ClCompile>
    <ClCompile Include="BlackCat\_\Application\PCH.cpp">
      <Filter>BlackCat\_\Application</Filter>
    </ClCompile>
    <ClCompile Include="BlackCat\_\Application\Timer.cpp">
      <Filter>BlackCat\_\Application</Filter>
    </ClCompile>
    <ClCompile Include="BlackCat\_\Application\Utility.cpp">
      <Filter>BlackCat\_\Application</Filter>
    </ClCompile>
    <ClCompile Include="BlackCat\_\Application\Window.cpp">
      <Filter>BlackCat\_\Application</Filter>
    </ClCompile>
    <ClCompile Include="BlackCat\_\Entity\Terrain.cpp">
      <Filter>BlackCat\_\Entity</Filter>
    </ClCompile>
    <ClCompile Include="BlackCat\_\Graphics\PostProcessing\DeferedRendering\DeferedRenderer.cpp">
      <Filter>BlackCat\_\Graphics\PostProcessing\DeferedRendering</Filter>
    </ClCompile>
    <ClCompile Include="BlackCat\_\Graphics\PostProcessing\DeferedRendering\Light.cpp">
      <Filter>BlackCat\_\Graphics\PostProcessing\DeferedRendering</Filter>
    </ClCompile>
    <ClCompile Include="BlackCat\_\Graphics\PostProcessing\PostProcessor.cpp">
      <Filter>BlackCat\_\Graphics\PostProcessing</Filter>
    </ClCompile>
    <ClCompile Include="BlackCat\_\Graphics\bcModel.cpp">
      <Filter>BlackCat\_\Graphics</Filter>
    </ClCompile>
    <ClCompile Include="BlackCat\_\Graphics\Camera.cpp">
      <Filter>BlackCat\_\Graphics</Filter>
    </ClCompile>
    <ClCompile Include="BlackCat\_\Graphics\DeviceManager.cpp">
      <Filter>BlackCat\_\Graphics</Filter>
    </ClCompile>
    <ClCompile Include="BlackCat\_\Graphics\DeviceStates.cpp">
      <Filter>BlackCat\_\Graphics</Filter>
    </ClCompile>
    <ClCompile Include="BlackCat\_\Graphics\GraphicsTypes.cpp">
      <Filter>BlackCat\_\Graphics</Filter>
    </ClCompile>
    <ClCompile Include="BlackCat\_\Graphics\Managers.cpp">
      <Filter>BlackCat\_\Graphics</Filter>
    </ClCompile>
    <ClCompile Include="BlackCat\_\Graphics\Model.cpp">
      <Filter>BlackCat\_\Graphics</Filter>
    </ClCompile>
    <ClCompile Include="BlackCat\_\Graphics\PostProcessorBase.cpp">
      <Filter>BlackCat\_\Graphics</Filter>
    </ClCompile>
    <ClCompile Include="BlackCat\_\Graphics\SDKMesh.cpp">
      <Filter>BlackCat\_\Graphics</Filter>
    </ClCompile>
    <ClCompile Include="BlackCat\_\Graphics\ShaderCompilation.cpp">
      <Filter>BlackCat\_\Graphics</Filter>
    </ClCompile>
    <ClCompile Include="BlackCat\_\Graphics\SpriteFont.cpp">
      <Filter>BlackCat\_\Graphics</Filter>
    </ClCompile>
    <ClCompile Include="BlackCat\_\Graphics\SpriteRenderer.cpp">
      <Filter>BlackCat\_\Graphics</Filter>
    </ClCompile>
    <ClCompile Include="BlackCat\_\GUI\GUIObject.cpp">
      <Filter>BlackCat\_\GUI</Filter>
    </ClCompile>
    <ClCompile Include="BlackCat\_\GUI\Slider.cpp">
      <Filter>BlackCat\_\GUI</Filter>
    </ClCompile>
    <ClCompile Include="BlackCat\_\Mathematic\BasicMath.cpp">
      <Filter>BlackCat\_\Mathematic</Filter>
    </ClCompile>
    <ClCompile Include="BlackCat\_\Mathematic\bcShapes.cpp">
      <Filter>BlackCat\_\Mathematic</Filter>
    </ClCompile>
    <ClCompile Include="BlackCat\_\Mathematic\xnaCollision.cpp">
      <Filter>BlackCat\_\Mathematic</Filter>
    </ClCompile>
    <ClCompile Include="BlackCat\_\Utility\FileSystem.cpp">
      <Filter>BlackCat\_\Utility</Filter>
    </ClCompile>
    <ClCompile Include="BlackCat\_\Utility\Log.cpp">
      <Filter>BlackCat\_\Utility</Filter>
    </ClCompile>
    <ClCompile Include="BlackCat\_\Utility\MathUtility.cpp">
      <Filter>BlackCat\_\Utility</Filter>
    </ClCompile>
    <ClCompile Include="BlackCat\_\Utility\Operands.cpp">
      <Filter>BlackCat\_\Utility</Filter>
    </ClCompile>
    <ClCompile Include="BlackCat\_\Utility\ShapeDraw.cpp">
      <Filter>BlackCat\_\Utility</Filter>
    </ClCompile>
    <ClCompile Include="BlackCat\BlackCatPCH.cpp">
      <Filter>BlackCat</Filter>
    </ClCompile>
    <ClCompile Include="BlackCat\Loader\bcMeshLoader.cpp">
      <Filter>BlackCat\Loader</Filter>
    </ClCompile>
    <ClCompile Include="BlackCat\Loader\bcDomainShaderLoader.cpp">
      <Filter>BlackCat\Loader</Filter>
    </ClCompile>
    <ClCompile Include="BlackCat\Loader\bcGeometryShaderLoader.cpp">
      <Filter>BlackCat\Loader</Filter>
    </ClCompile>
    <ClCompile Include="BlackCat\Loader\bcHullShaderLoader.cpp">
      <Filter>BlackCat\Loader</Filter>
    </ClCompile>
    <ClCompile Include="BlackCat\Loader\bcPixelShaderLoader.cpp">
      <Filter>BlackCat\Loader</Filter>
    </ClCompile>
    <ClCompile Include="BlackCat\Loader\bcTextureLoader.cpp">
      <Filter>BlackCat\Loader</Filter>
    </ClCompile>
    <ClCompile Include="BlackCat\Loader\bcVertexShaderLoader.cpp">
      <Filter>BlackCat\Loader</Filter>
    </ClCompile>
  </ItemGroup>
</Project>