<?xml version="1.0" encoding="utf-8"?>
<Project ToolsVersion="4.0" xmlns="http://schemas.microsoft.com/developer/msbuild/2003">
  <ItemGroup>
    <Filter Include="PhysicsImp">
      <UniqueIdentifier>{5037ba62-578f-4508-b728-196431cc72b8}</UniqueIdentifier>
    </Filter>
    <Filter Include="PhysicsImp\Body">
      <UniqueIdentifier>{c99441b9-6df9-4895-87de-f637f5e8dce0}</UniqueIdentifier>
    </Filter>
    <Filter Include="PhysicsImp\Collision">
      <UniqueIdentifier>{a501329f-5549-4550-9f13-6e6be36f364a}</UniqueIdentifier>
    </Filter>
    <Filter Include="PhysicsImp\Fundation">
      <UniqueIdentifier>{43e0adc9-e923-4b7e-892b-be273e02f4a6}</UniqueIdentifier>
    </Filter>
    <Filter Include="PhysicsImp\Joint">
      <UniqueIdentifier>{9c4ccf7f-1916-4e10-83f2-7c03fc3a0f7e}</UniqueIdentifier>
    </Filter>
    <Filter Include="PhysicsImp\Shape">
      <UniqueIdentifier>{2de8e5c2-f2d4-4f3e-ac11-430fdc319ebd}</UniqueIdentifier>
    </Filter>
  </ItemGroup>
  <ItemGroup>
    <ClInclude Include="PhysicsImp\PhysicsImpPCH.h">
      <Filter>PhysicsImp</Filter>
    </ClInclude>
    <ClInclude Include="PhysicsImp\bcExport.h">
      <Filter>PhysicsImp</Filter>
    </ClInclude>
    <ClInclude Include="PhysicsImp\Body\bcActor.h">
      <Filter>PhysicsImp\Body</Filter>
    </ClInclude>
    <ClInclude Include="PhysicsImp\Shape\bcBoundBox.h">
      <Filter>PhysicsImp\Shape</Filter>
    </ClInclude>
    <ClInclude Include="PhysicsImp\bcPhysicsReference.h">
      <Filter>PhysicsImp</Filter>
    </ClInclude>
    <ClInclude Include="PhysicsImp\bcPhysicsRef.h">
      <Filter>PhysicsImp</Filter>
    </ClInclude>
    <ClInclude Include="PhysicsImp\Body\bcAggregate.h">
      <Filter>PhysicsImp\Body</Filter>
    </ClInclude>
    <ClInclude Include="PhysicsImp\bcUtility.h">
      <Filter>PhysicsImp</Filter>
    </ClInclude>
    <ClInclude Include="PhysicsImp\Shape\bcConvexMesh.h">
      <Filter>PhysicsImp\Shape</Filter>
    </ClInclude>
    <ClInclude Include="PhysicsImp\Shape\bcHeightField.h">
      <Filter>PhysicsImp\Shape</Filter>
    </ClInclude>
    <ClInclude Include="PhysicsImp\Shape\bcTriangleMesh.h">
      <Filter>PhysicsImp\Shape</Filter>
    </ClInclude>
    <ClInclude Include="PhysicsImp\Fundation\bcMaterial.h">
      <Filter>PhysicsImp\Fundation</Filter>
    </ClInclude>
    <ClInclude Include="PhysicsImp\Shape\bcShape.h">
      <Filter>PhysicsImp\Shape</Filter>
    </ClInclude>
    <ClInclude Include="PhysicsImp\Fundation\bcTransform.h">
      <Filter>PhysicsImp\Fundation</Filter>
    </ClInclude>
    <ClInclude Include="PhysicsImp\Body\bcRigidActor.h">
      <Filter>PhysicsImp\Body</Filter>
    </ClInclude>
    <ClInclude Include="PhysicsImp\Body\bcRigidBody.h">
      <Filter>PhysicsImp\Body</Filter>
    </ClInclude>
    <ClInclude Include="PhysicsImp\Body\bcRigidStatic.h">
      <Filter>PhysicsImp\Body</Filter>
    </ClInclude>
    <ClInclude Include="PhysicsImp\Body\bcRigidDynamic.h">
      <Filter>PhysicsImp\Body</Filter>
    </ClInclude>
    <ClInclude Include="PhysicsImp\Joint\bcJoint.h">
      <Filter>PhysicsImp\Joint</Filter>
    </ClInclude>
    <ClInclude Include="PhysicsImp\Joint\bcD6Joint.h">
      <Filter>PhysicsImp\Joint</Filter>
    </ClInclude>
    <ClInclude Include="PhysicsImp\Joint\bcDistanceJoint.h">
      <Filter>PhysicsImp\Joint</Filter>
    </ClInclude>
    <ClInclude Include="PhysicsImp\Joint\bcFixedJoint.h">
      <Filter>PhysicsImp\Joint</Filter>
    </ClInclude>
    <ClInclude Include="PhysicsImp\Joint\bcPrismaticJoint.h">
      <Filter>PhysicsImp\Joint</Filter>
    </ClInclude>
    <ClInclude Include="PhysicsImp\Joint\bcRevoluteJoint.h">
      <Filter>PhysicsImp\Joint</Filter>
    </ClInclude>
    <ClInclude Include="PhysicsImp\Joint\bcSphericalJoint.h">
      <Filter>PhysicsImp\Joint</Filter>
    </ClInclude>
    <ClInclude Include="PhysicsImp\Collision\bcContactModifyCallback.h">
      <Filter>PhysicsImp\Collision</Filter>
    </ClInclude>
    <ClInclude Include="PhysicsImp\Collision\bcShapeQuery.h">
      <Filter>PhysicsImp\Collision</Filter>
    </ClInclude>
    <ClInclude Include="PhysicsImp\Collision\bcSceneQuery.h">
      <Filter>PhysicsImp\Collision</Filter>
    </ClInclude>
    <ClInclude Include="PhysicsImp\Fundation\bcSceneBuilder.h">
      <Filter>PhysicsImp\Fundation</Filter>
    </ClInclude>
    <ClInclude Include="PhysicsImp\Collision\bcContactFilterCallback.h">
      <Filter>PhysicsImp\Collision</Filter>
    </ClInclude>
    <ClInclude Include="PhysicsImp\Fundation\bcSceneDebug.h">
      <Filter>PhysicsImp\Fundation</Filter>
    </ClInclude>
    <ClInclude Include="PhysicsImp\Fundation\bcSimulationEventCallback.h">
      <Filter>PhysicsImp\Fundation</Filter>
    </ClInclude>
    <ClInclude Include="PhysicsImp\Fundation\bcTask.h">
      <Filter>PhysicsImp\Fundation</Filter>
    </ClInclude>
    <ClInclude Include="PhysicsImp\Fundation\bcScene.h">
      <Filter>PhysicsImp\Fundation</Filter>
    </ClInclude>
    <ClInclude Include="PhysicsImp\Fundation\bcFundation.h">
      <Filter>PhysicsImp\Fundation</Filter>
    </ClInclude>
    <ClInclude Include="PhysicsImp\Fundation\bcPhysics.h">
      <Filter>PhysicsImp\Fundation</Filter>
    </ClInclude>
    <ClInclude Include="PhysicsImp\bcImplementation.h">
      <Filter>PhysicsImp</Filter>
    </ClInclude>
    <ClInclude Include="PhysicsImp\Shape\bcShapeGeometry.h">
      <Filter>PhysicsImp\Shape</Filter>
    </ClInclude>
    <ClInclude Include="PhysicsImp\Shape\bcShapeSphere.h">
      <Filter>PhysicsImp\Shape</Filter>
    </ClInclude>
    <ClInclude Include="PhysicsImp\Shape\bcShapeBox.h">
      <Filter>PhysicsImp\Shape</Filter>
    </ClInclude>
    <ClInclude Include="PhysicsImp\Shape\bcShapeCapsule.h">
      <Filter>PhysicsImp\Shape</Filter>
    </ClInclude>
    <ClInclude Include="PhysicsImp\Shape\bcShapePlane.h">
      <Filter>PhysicsImp\Shape</Filter>
    </ClInclude>
    <ClInclude Include="PhysicsImp\Shape\bcShapeConvexMesh.h">
      <Filter>PhysicsImp\Shape</Filter>
    </ClInclude>
    <ClInclude Include="PhysicsImp\Shape\bcShapeTriangleMesh.h">
      <Filter>PhysicsImp\Shape</Filter>
    </ClInclude>
    <ClInclude Include="PhysicsImp\Shape\bcShapeHeightField.h">
      <Filter>PhysicsImp\Shape</Filter>
    </ClInclude>
    <ClInclude Include="PhysicsImp\Fundation\bcMemoryBuffer.h">
      <Filter>PhysicsImp\Fundation</Filter>
    </ClInclude>
    <ClInclude Include="PhysicsImp\Fundation\bcSerializeBuffer.h">
      <Filter>PhysicsImp\Fundation</Filter>
    </ClInclude>
  </ItemGroup>
  <ItemGroup>
    <ClCompile Include="PhysicsImp\PhysicsImpPCH.cpp">
      <Filter>PhysicsImp</Filter>
    </ClCompile>
    <ClCompile Include="PhysicsImp\Body\bcActor.cpp">
      <Filter>PhysicsImp\Body</Filter>
    </ClCompile>
    <ClCompile Include="PhysicsImp\Shape\bcBoundBox.cpp">
      <Filter>PhysicsImp\Shape</Filter>
    </ClCompile>
    <ClCompile Include="PhysicsImp\bcPhysicsReference.cpp">
      <Filter>PhysicsImp</Filter>
    </ClCompile>
    <ClCompile Include="PhysicsImp\Body\bcAggregate.cpp">
      <Filter>PhysicsImp\Body</Filter>
    </ClCompile>
    <ClCompile Include="PhysicsImp\Shape\bcConvexMesh.cpp">
      <Filter>PhysicsImp\Shape</Filter>
    </ClCompile>
    <ClCompile Include="PhysicsImp\Shape\bcHeightField.cpp">
      <Filter>PhysicsImp\Shape</Filter>
    </ClCompile>
    <ClCompile Include="PhysicsImp\bcUtility.cpp">
      <Filter>PhysicsImp</Filter>
    </ClCompile>
    <ClCompile Include="PhysicsImp\Shape\bcTriangleMesh.cpp">
      <Filter>PhysicsImp\Shape</Filter>
    </ClCompile>
    <ClCompile Include="PhysicsImp\Fundation\bcMaterial.cpp">
      <Filter>PhysicsImp\Fundation</Filter>
    </ClCompile>
    <ClCompile Include="PhysicsImp\Shape\bcShape.cpp">
      <Filter>PhysicsImp\Shape</Filter>
    </ClCompile>
    <ClCompile Include="PhysicsImp\Fundation\bcTransform.cpp">
      <Filter>PhysicsImp\Fundation</Filter>
    </ClCompile>
    <ClCompile Include="PhysicsImp\Body\bcRigidActor.cpp">
      <Filter>PhysicsImp\Body</Filter>
    </ClCompile>
    <ClCompile Include="PhysicsImp\Body\bcRigidBody.cpp">
      <Filter>PhysicsImp\Body</Filter>
    </ClCompile>
    <ClCompile Include="PhysicsImp\Body\bcRigidDynamic.cpp">
      <Filter>PhysicsImp\Body</Filter>
    </ClCompile>
    <ClCompile Include="PhysicsImp\Joint\bcJoint.cpp">
      <Filter>PhysicsImp\Joint</Filter>
    </ClCompile>
    <ClCompile Include="PhysicsImp\Joint\bcD6Joint.cpp">
      <Filter>PhysicsImp\Joint</Filter>
    </ClCompile>
    <ClCompile Include="PhysicsImp\Joint\bcDistanceJoint.cpp">
      <Filter>PhysicsImp\Joint</Filter>
    </ClCompile>
    <ClCompile Include="PhysicsImp\Joint\bcFixedJoint.cpp">
      <Filter>PhysicsImp\Joint</Filter>
    </ClCompile>
    <ClCompile Include="PhysicsImp\Body\bcRigidStatic.cpp">
      <Filter>PhysicsImp\Body</Filter>
    </ClCompile>
    <ClCompile Include="PhysicsImp\Joint\bcPrismaticJoint.cpp">
      <Filter>PhysicsImp\Joint</Filter>
    </ClCompile>
    <ClCompile Include="PhysicsImp\Joint\bcRevoluteJoint.cpp">
      <Filter>PhysicsImp\Joint</Filter>
    </ClCompile>
    <ClCompile Include="PhysicsImp\Joint\bcSphericalJoint.cpp">
      <Filter>PhysicsImp\Joint</Filter>
    </ClCompile>
    <ClCompile Include="PhysicsImp\Collision\bcContactModifyCallback.cpp">
      <Filter>PhysicsImp\Collision</Filter>
    </ClCompile>
    <ClCompile Include="PhysicsImp\Collision\bcShapeQuery.cpp">
      <Filter>PhysicsImp\Collision</Filter>
    </ClCompile>
    <ClCompile Include="PhysicsImp\Collision\bcSceneQuery.cpp">
      <Filter>PhysicsImp\Collision</Filter>
    </ClCompile>
    <ClCompile Include="PhysicsImp\Fundation\bcSceneBuilder.cpp">
      <Filter>PhysicsImp\Fundation</Filter>
    </ClCompile>
    <ClCompile Include="PhysicsImp\Fundation\bcSceneDebug.cpp">
      <Filter>PhysicsImp\Fundation</Filter>
    </ClCompile>
    <ClCompile Include="PhysicsImp\Fundation\bcSimulationEventCallback.cpp">
      <Filter>PhysicsImp\Fundation</Filter>
    </ClCompile>
    <ClCompile Include="PhysicsImp\Fundation\bcTask.cpp">
      <Filter>PhysicsImp\Fundation</Filter>
    </ClCompile>
    <ClCompile Include="PhysicsImp\Fundation\bcScene.cpp">
      <Filter>PhysicsImp\Fundation</Filter>
    </ClCompile>
    <ClCompile Include="PhysicsImp\Fundation\bcPhysics.cpp">
      <Filter>PhysicsImp\Fundation</Filter>
    </ClCompile>
    <ClCompile Include="PhysicsImp\Shape\bcShapeGeometry.cpp">
      <Filter>PhysicsImp\Shape</Filter>
    </ClCompile>
    <ClCompile Include="PhysicsImp\Shape\bcShapeSphere.cpp">
      <Filter>PhysicsImp\Shape</Filter>
    </ClCompile>
    <ClCompile Include="PhysicsImp\Shape\bcShapeBox.cpp">
      <Filter>PhysicsImp\Shape</Filter>
    </ClCompile>
    <ClCompile Include="PhysicsImp\Shape\bcShapeCapsule.cpp">
      <Filter>PhysicsImp\Shape</Filter>
    </ClCompile>
    <ClCompile Include="PhysicsImp\Shape\bcShapePlane.cpp">
      <Filter>PhysicsImp\Shape</Filter>
    </ClCompile>
    <ClCompile Include="PhysicsImp\Shape\bcShapeConvexMesh.cpp">
      <Filter>PhysicsImp\Shape</Filter>
    </ClCompile>
    <ClCompile Include="PhysicsImp\Shape\bcShapeTriangleMesh.cpp">
      <Filter>PhysicsImp\Shape</Filter>
    </ClCompile>
    <ClCompile Include="PhysicsImp\Shape\bcShapeHeightField.cpp">
      <Filter>PhysicsImp\Shape</Filter>
    </ClCompile>
    <ClCompile Include="PhysicsImp\bcImplementation.cpp">
      <Filter>PhysicsImp</Filter>
    </ClCompile>
    <ClCompile Include="PhysicsImp\Fundation\bcMemoryBuffer.cpp">
      <Filter>PhysicsImp\Fundation</Filter>
    </ClCompile>
    <ClCompile Include="PhysicsImp\Fundation\bcSerializeBuffer.cpp">
      <Filter>PhysicsImp\Fundation</Filter>
    </ClCompile>
    <ClCompile Include="bcPhysicsRef.cpp">
      <Filter>PhysicsImp</Filter>
    </ClCompile>
  </ItemGroup>
</Project>